// !$*UTF8*$!
{
	archiveVersion = 1;
	classes = {
	};
	objectVersion = 46;
	objects = {

/* Begin PBXBuildFile section */
		101A40A7191692B40087A1DB /* Collider.cpp in Sources */ = {isa = PBXBuildFile; fileRef = 101A40A3191692B40087A1DB /* Collider.cpp */; };
		102760701A6B5B2800639FBC /* RenderStatsWindow.cpp in Sources */ = {isa = PBXBuildFile; fileRef = 1027606E1A6B5B2800639FBC /* RenderStatsWindow.cpp */; };
		1027607F1A6B5B8300639FBC /* imgui.cpp in Sources */ = {isa = PBXBuildFile; fileRef = 102760751A6B5B8300639FBC /* imgui.cpp */; };
		104CC9AE18E0E84500E85F16 /* ResourceManager.cpp in Sources */ = {isa = PBXBuildFile; fileRef = 104CC9AD18E0E84500E85F16 /* ResourceManager.cpp */; };
		1054238F1922D22100BD2D55 /* AudioListener.cpp in Sources */ = {isa = PBXBuildFile; fileRef = 105423891922D22100BD2D55 /* AudioListener.cpp */; };
		105423901922D22100BD2D55 /* AudioManager.cpp in Sources */ = {isa = PBXBuildFile; fileRef = 1054238B1922D22100BD2D55 /* AudioManager.cpp */; };
		105423911922D22100BD2D55 /* AudioSource.cpp in Sources */ = {isa = PBXBuildFile; fileRef = 1054238D1922D22100BD2D55 /* AudioSource.cpp */; };
		105423941922D74700BD2D55 /* AudioBuffer.cpp in Sources */ = {isa = PBXBuildFile; fileRef = 105423931922D74700BD2D55 /* AudioBuffer.cpp */; };
		10783FE0190C09CD00F0A88C /* PhysicsManager.cpp in Sources */ = {isa = PBXBuildFile; fileRef = 10783FDC190C09CD00F0A88C /* PhysicsManager.cpp */; };
		10783FE1190C09CD00F0A88C /* RigidBody.cpp in Sources */ = {isa = PBXBuildFile; fileRef = 10783FDE190C09CD00F0A88C /* RigidBody.cpp */; };
		10783FE4190C09DB00F0A88C /* PhysicsModule.cpp in Sources */ = {isa = PBXBuildFile; fileRef = 10783FE2190C09DB00F0A88C /* PhysicsModule.cpp */; };
		10783FE9190C0A8100F0A88C /* GizmoAxis.cpp in Sources */ = {isa = PBXBuildFile; fileRef = 10783FE5190C0A8100F0A88C /* GizmoAxis.cpp */; };
		10783FEA190C0A8100F0A88C /* GizmoLine.cpp in Sources */ = {isa = PBXBuildFile; fileRef = 10783FE7190C0A8100F0A88C /* GizmoLine.cpp */; };
		10832D4F1932ADDF00C419A7 /* ToolsModule.cpp in Sources */ = {isa = PBXBuildFile; fileRef = 10832D4E1932ADDF00C419A7 /* ToolsModule.cpp */; };
		10877F4A190C055F008F9076 /* libBulletCollision.a in Frameworks */ = {isa = PBXBuildFile; fileRef = 10877F46190C055F008F9076 /* libBulletCollision.a */; };
		10877F4B190C055F008F9076 /* libBulletDynamics.a in Frameworks */ = {isa = PBXBuildFile; fileRef = 10877F47190C055F008F9076 /* libBulletDynamics.a */; };
		10877F4C190C0560008F9076 /* libBulletSoftBody.a in Frameworks */ = {isa = PBXBuildFile; fileRef = 10877F48190C055F008F9076 /* libBulletSoftBody.a */; };
		10877F4D190C0560008F9076 /* libLinearMath.a in Frameworks */ = {isa = PBXBuildFile; fileRef = 10877F49190C055F008F9076 /* libLinearMath.a */; };
		108D3517186E88C00002E4F4 /* Python.framework in Frameworks */ = {isa = PBXBuildFile; fileRef = 1059E704184AFBDA00416AD8 /* Python.framework */; };
		109E109F1904E31600537262 /* ShaderManager.cpp in Sources */ = {isa = PBXBuildFile; fileRef = 109E109B1904E31600537262 /* ShaderManager.cpp */; };
		109E10A01904E31600537262 /* UniformBuffer.cpp in Sources */ = {isa = PBXBuildFile; fileRef = 109E109D1904E31600537262 /* UniformBuffer.cpp */; };
		10A88B0E18EAF178000D61AE /* MaterialManager.cpp in Sources */ = {isa = PBXBuildFile; fileRef = 10A88B0C18EAF178000D61AE /* MaterialManager.cpp */; };
		10A88B0F18EAFB72000D61AE /* OpenGL.framework in Frameworks */ = {isa = PBXBuildFile; fileRef = 109E8967186E6B3D00E95E3B /* OpenGL.framework */; };
		10B94DAB18DE5421002A53C9 /* GizmoCube.cpp in Sources */ = {isa = PBXBuildFile; fileRef = 10B94DA118DE5421002A53C9 /* GizmoCube.cpp */; };
		10B94DAC18DE5421002A53C9 /* GizmoManager.cpp in Sources */ = {isa = PBXBuildFile; fileRef = 10B94DA318DE5421002A53C9 /* GizmoManager.cpp */; };
		10B94DAD18DE5421002A53C9 /* GizmoSphere.cpp in Sources */ = {isa = PBXBuildFile; fileRef = 10B94DA618DE5421002A53C9 /* GizmoSphere.cpp */; };
		10B94DAE18DE5421002A53C9 /* GizmoType.cpp in Sources */ = {isa = PBXBuildFile; fileRef = 10B94DA918DE5421002A53C9 /* GizmoType.cpp */; };
		10BCF19519242B900062F421 /* AudioModule.cpp in Sources */ = {isa = PBXBuildFile; fileRef = 10BCF19419242B900062F421 /* AudioModule.cpp */; };
		10BF7F6F1A77AD4C00C0E8EC /* ResourcePath.cpp in Sources */ = {isa = PBXBuildFile; fileRef = 10BF7F6D1A77AD4C00C0E8EC /* ResourcePath.cpp */; };
		10C1EA4E1902790A002EF7F4 /* ResourceModule.cpp in Sources */ = {isa = PBXBuildFile; fileRef = 10C1EA4D1902790A002EF7F4 /* ResourceModule.cpp */; };
		10C2B86C1909EA240032EDDA /* Mesh.cpp in Sources */ = {isa = PBXBuildFile; fileRef = 10C2B85D1909EA240032EDDA /* Mesh.cpp */; };
		10C2B86D1909EA240032EDDA /* MeshFactory.cpp in Sources */ = {isa = PBXBuildFile; fileRef = 10C2B85F1909EA240032EDDA /* MeshFactory.cpp */; };
		10C2B86E1909EA240032EDDA /* MeshLoaderOBJ.cpp in Sources */ = {isa = PBXBuildFile; fileRef = 10C2B8621909EA240032EDDA /* MeshLoaderOBJ.cpp */; };
		10C2B86F1909EA240032EDDA /* MeshManager.cpp in Sources */ = {isa = PBXBuildFile; fileRef = 10C2B8641909EA240032EDDA /* MeshManager.cpp */; };
		10C2B8701909EA240032EDDA /* VertexAttrib.cpp in Sources */ = {isa = PBXBuildFile; fileRef = 10C2B8661909EA240032EDDA /* VertexAttrib.cpp */; };
		10C2B8711909EA240032EDDA /* VertexBuffer.cpp in Sources */ = {isa = PBXBuildFile; fileRef = 10C2B8681909EA240032EDDA /* VertexBuffer.cpp */; };
		10C2B8721909EA240032EDDA /* VertexData.cpp in Sources */ = {isa = PBXBuildFile; fileRef = 10C2B86A1909EA240032EDDA /* VertexData.cpp */; };
		10C35F3819092BD800BC19B2 /* Texture.cpp in Sources */ = {isa = PBXBuildFile; fileRef = 10C35F2F19092BD800BC19B2 /* Texture.cpp */; };
		10C35F3919092BD800BC19B2 /* TextureData.cpp in Sources */ = {isa = PBXBuildFile; fileRef = 10C35F3119092BD800BC19B2 /* TextureData.cpp */; };
		10C35F3A19092BD800BC19B2 /* TextureLoaderBMP.cpp in Sources */ = {isa = PBXBuildFile; fileRef = 10C35F3319092BD800BC19B2 /* TextureLoaderBMP.cpp */; };
		10C35F3B19092BD800BC19B2 /* TextureManager.cpp in Sources */ = {isa = PBXBuildFile; fileRef = 10C35F3619092BD800BC19B2 /* TextureManager.cpp */; };
		10D3B00218B625900041DBC5 /* UIModule.cpp in Sources */ = {isa = PBXBuildFile; fileRef = 10D3B00018B625900041DBC5 /* UIModule.cpp */; };
		10E0274218EB71FF002FEA14 /* Light.cpp in Sources */ = {isa = PBXBuildFile; fileRef = 10E0274118EB71FF002FEA14 /* Light.cpp */; };
		10EA6EAB1908A696001BFF5F /* ShaderUniform.cpp in Sources */ = {isa = PBXBuildFile; fileRef = 10EA6EAA1908A696001BFF5F /* ShaderUniform.cpp */; };
		10EC44B71878422700B48152 /* EpsilonManager.cpp in Sources */ = {isa = PBXBuildFile; fileRef = 10EC44501878422700B48152 /* EpsilonManager.cpp */; };
		10EC44BA1878422700B48152 /* EventManager.cpp in Sources */ = {isa = PBXBuildFile; fileRef = 10EC445A1878422700B48152 /* EventManager.cpp */; };
		10EC44BB1878422700B48152 /* Logging.cpp in Sources */ = {isa = PBXBuildFile; fileRef = 10EC445D1878422700B48152 /* Logging.cpp */; };
		10EC44BC1878422700B48152 /* main.cpp in Sources */ = {isa = PBXBuildFile; fileRef = 10EC445F1878422700B48152 /* main.cpp */; };
		10EC44BD1878422700B48152 /* Matrix.cpp in Sources */ = {isa = PBXBuildFile; fileRef = 10EC44621878422700B48152 /* Matrix.cpp */; };
		10EC44BE1878422700B48152 /* Quaternion.cpp in Sources */ = {isa = PBXBuildFile; fileRef = 10EC44641878422700B48152 /* Quaternion.cpp */; };
		10EC44BF1878422700B48152 /* Vector.cpp in Sources */ = {isa = PBXBuildFile; fileRef = 10EC44671878422700B48152 /* Vector.cpp */; };
		10EC44C01878422700B48152 /* Camera.cpp in Sources */ = {isa = PBXBuildFile; fileRef = 10EC446A1878422700B48152 /* Camera.cpp */; };
		10EC44C11878422700B48152 /* Colour.cpp in Sources */ = {isa = PBXBuildFile; fileRef = 10EC446C1878422700B48152 /* Colour.cpp */; };
		10EC44C51878422700B48152 /* Renderer.cpp in Sources */ = {isa = PBXBuildFile; fileRef = 10EC44741878422700B48152 /* Renderer.cpp */; };
		10EC44C61878422700B48152 /* RenderManager.cpp in Sources */ = {isa = PBXBuildFile; fileRef = 10EC44761878422700B48152 /* RenderManager.cpp */; };
		10EC44CB1878422700B48152 /* Node.cpp in Sources */ = {isa = PBXBuildFile; fileRef = 10EC44821878422700B48152 /* Node.cpp */; };
		10EC44CD1878422700B48152 /* Scene.cpp in Sources */ = {isa = PBXBuildFile; fileRef = 10EC44871878422700B48152 /* Scene.cpp */; };
		10EC44CE1878422700B48152 /* SceneManager.cpp in Sources */ = {isa = PBXBuildFile; fileRef = 10EC44891878422700B48152 /* SceneManager.cpp */; };
		10EC44CF1878422700B48152 /* Transform.cpp in Sources */ = {isa = PBXBuildFile; fileRef = 10EC448B1878422700B48152 /* Transform.cpp */; };
		10EC44D01878422700B48152 /* EventsModule.cpp in Sources */ = {isa = PBXBuildFile; fileRef = 10EC448F1878422700B48152 /* EventsModule.cpp */; };
		10EC44D11878422700B48152 /* LoggingModule.cpp in Sources */ = {isa = PBXBuildFile; fileRef = 10EC44911878422700B48152 /* LoggingModule.cpp */; };
		10EC44D21878422700B48152 /* MainModule.cpp in Sources */ = {isa = PBXBuildFile; fileRef = 10EC44931878422700B48152 /* MainModule.cpp */; };
		10EC44D31878422700B48152 /* ManagerModule.cpp in Sources */ = {isa = PBXBuildFile; fileRef = 10EC44951878422700B48152 /* ManagerModule.cpp */; };
		10EC44D41878422700B48152 /* MathModule.cpp in Sources */ = {isa = PBXBuildFile; fileRef = 10EC44971878422700B48152 /* MathModule.cpp */; };
		10EC44D51878422700B48152 /* RenderModule.cpp in Sources */ = {isa = PBXBuildFile; fileRef = 10EC44991878422700B48152 /* RenderModule.cpp */; };
		10EC44D61878422700B48152 /* SceneModule.cpp in Sources */ = {isa = PBXBuildFile; fileRef = 10EC449B1878422700B48152 /* SceneModule.cpp */; };
		10EC44D71878422700B48152 /* ScriptModule.cpp in Sources */ = {isa = PBXBuildFile; fileRef = 10EC449D1878422700B48152 /* ScriptModule.cpp */; };
		10EC44D81878422700B48152 /* UtilitiesModule.cpp in Sources */ = {isa = PBXBuildFile; fileRef = 10EC449F1878422700B48152 /* UtilitiesModule.cpp */; };
		10EC44D91878422700B48152 /* Script.cpp in Sources */ = {isa = PBXBuildFile; fileRef = 10EC44A21878422700B48152 /* Script.cpp */; };
		10EC44DA1878422700B48152 /* ScriptBehaviour.cpp in Sources */ = {isa = PBXBuildFile; fileRef = 10EC44A41878422700B48152 /* ScriptBehaviour.cpp */; };
		10EC44DB1878422700B48152 /* ScriptEngineCore.cpp in Sources */ = {isa = PBXBuildFile; fileRef = 10EC44A71878422700B48152 /* ScriptEngineCore.cpp */; };
		10EC44DC1878422700B48152 /* ScriptManager.cpp in Sources */ = {isa = PBXBuildFile; fileRef = 10EC44A91878422700B48152 /* ScriptManager.cpp */; };
		10EC44DD1878422700B48152 /* pointerTests.cpp in Sources */ = {isa = PBXBuildFile; fileRef = 10EC44AC1878422700B48152 /* pointerTests.cpp */; };
		10EC44E01878422700B48152 /* UIManager.cpp in Sources */ = {isa = PBXBuildFile; fileRef = 10EC44B21878422700B48152 /* UIManager.cpp */; };
		10F5B1A118EBF1D900A2A9B9 /* SceneNode.cpp in Sources */ = {isa = PBXBuildFile; fileRef = 10F5B1A018EBF1D900A2A9B9 /* SceneNode.cpp */; };
		10FBE90018E8CD5400027082 /* Material.cpp in Sources */ = {isa = PBXBuildFile; fileRef = 10FBE8F918E8CD5400027082 /* Material.cpp */; };
		10FBE90118E8CD5400027082 /* Shader.cpp in Sources */ = {isa = PBXBuildFile; fileRef = 10FBE8FB18E8CD5400027082 /* Shader.cpp */; };
		10FBE90218E8CD5400027082 /* ShaderStage.cpp in Sources */ = {isa = PBXBuildFile; fileRef = 10FBE8FD18E8CD5400027082 /* ShaderStage.cpp */; };
		10FBE90818E8CD6A00027082 /* Resource.cpp in Sources */ = {isa = PBXBuildFile; fileRef = 10FBE90318E8CD6A00027082 /* Resource.cpp */; };
		10FBE90918E8CD6A00027082 /* ResourceType.cpp in Sources */ = {isa = PBXBuildFile; fileRef = 10FBE90618E8CD6A00027082 /* ResourceType.cpp */; };
/* End PBXBuildFile section */

/* Begin PBXFileReference section */
		100594761872701100F5AB92 /* CoreGraphics.framework */ = {isa = PBXFileReference; lastKnownFileType = wrapper.framework; name = CoreGraphics.framework; path = System/Library/Frameworks/CoreGraphics.framework; sourceTree = SDKROOT; };
		101A40A3191692B40087A1DB /* Collider.cpp */ = {isa = PBXFileReference; fileEncoding = 4; lastKnownFileType = sourcecode.cpp.cpp; name = Collider.cpp; path = physics/Collider.cpp; sourceTree = "<group>"; };
		101A40A4191692B40087A1DB /* Collider.h */ = {isa = PBXFileReference; fileEncoding = 4; lastKnownFileType = sourcecode.c.h; name = Collider.h; path = physics/Collider.h; sourceTree = "<group>"; };
		101A40A5191692B40087A1DB /* PhysicsEvents.h */ = {isa = PBXFileReference; fileEncoding = 4; lastKnownFileType = sourcecode.c.h; name = PhysicsEvents.h; path = physics/PhysicsEvents.h; sourceTree = "<group>"; };
		101A40A6191692B40087A1DB /* PhysicsParameter.h */ = {isa = PBXFileReference; fileEncoding = 4; lastKnownFileType = sourcecode.c.h; name = PhysicsParameter.h; path = physics/PhysicsParameter.h; sourceTree = "<group>"; };
		101B1B6E1829E5990094A53D /* Epsilon */ = {isa = PBXFileReference; explicitFileType = "compiled.mach-o.executable"; includeInIndex = 0; path = Epsilon; sourceTree = BUILT_PRODUCTS_DIR; };
		1027606E1A6B5B2800639FBC /* RenderStatsWindow.cpp */ = {isa = PBXFileReference; fileEncoding = 4; lastKnownFileType = sourcecode.cpp.cpp; path = RenderStatsWindow.cpp; sourceTree = "<group>"; };
		1027606F1A6B5B2800639FBC /* RenderStatsWindow.h */ = {isa = PBXFileReference; fileEncoding = 4; lastKnownFileType = sourcecode.c.h; path = RenderStatsWindow.h; sourceTree = "<group>"; };
		102760741A6B5B8300639FBC /* imconfig.h */ = {isa = PBXFileReference; fileEncoding = 4; lastKnownFileType = sourcecode.c.h; path = imconfig.h; sourceTree = "<group>"; };
		102760751A6B5B8300639FBC /* imgui.cpp */ = {isa = PBXFileReference; fileEncoding = 4; lastKnownFileType = sourcecode.cpp.cpp; path = imgui.cpp; sourceTree = "<group>"; };
		102760761A6B5B8300639FBC /* imgui.h */ = {isa = PBXFileReference; fileEncoding = 4; lastKnownFileType = sourcecode.c.h; path = imgui.h; sourceTree = "<group>"; };
		102760771A6B5B8300639FBC /* LICENSE */ = {isa = PBXFileReference; fileEncoding = 4; lastKnownFileType = text; path = LICENSE; sourceTree = "<group>"; };
		102760781A6B5B8300639FBC /* stb_textedit.h */ = {isa = PBXFileReference; fileEncoding = 4; lastKnownFileType = sourcecode.c.h; path = stb_textedit.h; sourceTree = "<group>"; };
		1027607A1A6B5B8300639FBC /* LICENSE */ = {isa = PBXFileReference; fileEncoding = 4; lastKnownFileType = text; path = LICENSE; sourceTree = "<group>"; };
		1027607C1A6B5B8300639FBC /* imconfig-SFML.h */ = {isa = PBXFileReference; fileEncoding = 4; lastKnownFileType = sourcecode.c.h; path = "imconfig-SFML.h"; sourceTree = "<group>"; };
		1027607D1A6B5B8300639FBC /* imgui-SFML.h */ = {isa = PBXFileReference; fileEncoding = 4; lastKnownFileType = sourcecode.c.h; path = "imgui-SFML.h"; sourceTree = "<group>"; };
		1027607E1A6B5B8300639FBC /* stb_image.h */ = {isa = PBXFileReference; fileEncoding = 4; lastKnownFileType = sourcecode.c.h; path = stb_image.h; sourceTree = "<group>"; };
		104CC9AC18E0E7B000E85F16 /* ResourceManager.h */ = {isa = PBXFileReference; lastKnownFileType = sourcecode.c.h; name = ResourceManager.h; path = resource/ResourceManager.h; sourceTree = "<group>"; };
		104CC9AD18E0E84500E85F16 /* ResourceManager.cpp */ = {isa = PBXFileReference; fileEncoding = 4; lastKnownFileType = sourcecode.cpp.cpp; name = ResourceManager.cpp; path = resource/ResourceManager.cpp; sourceTree = "<group>"; };
		104CC9AF18E0E8B100E85F16 /* Resource.h */ = {isa = PBXFileReference; lastKnownFileType = sourcecode.c.h; name = Resource.h; path = resource/Resource.h; sourceTree = "<group>"; };
		104CC9B018E0E96900E85F16 /* ResourceOwner.h */ = {isa = PBXFileReference; lastKnownFileType = sourcecode.c.h; name = ResourceOwner.h; path = resource/ResourceOwner.h; sourceTree = "<group>"; };
		105423891922D22100BD2D55 /* AudioListener.cpp */ = {isa = PBXFileReference; fileEncoding = 4; lastKnownFileType = sourcecode.cpp.cpp; name = AudioListener.cpp; path = audio/AudioListener.cpp; sourceTree = "<group>"; };
		1054238A1922D22100BD2D55 /* AudioListener.h */ = {isa = PBXFileReference; fileEncoding = 4; lastKnownFileType = sourcecode.c.h; name = AudioListener.h; path = audio/AudioListener.h; sourceTree = "<group>"; };
		1054238B1922D22100BD2D55 /* AudioManager.cpp */ = {isa = PBXFileReference; fileEncoding = 4; lastKnownFileType = sourcecode.cpp.cpp; name = AudioManager.cpp; path = audio/AudioManager.cpp; sourceTree = "<group>"; };
		1054238C1922D22100BD2D55 /* AudioManager.h */ = {isa = PBXFileReference; fileEncoding = 4; lastKnownFileType = sourcecode.c.h; name = AudioManager.h; path = audio/AudioManager.h; sourceTree = "<group>"; };
		1054238D1922D22100BD2D55 /* AudioSource.cpp */ = {isa = PBXFileReference; fileEncoding = 4; lastKnownFileType = sourcecode.cpp.cpp; name = AudioSource.cpp; path = audio/AudioSource.cpp; sourceTree = "<group>"; };
		1054238E1922D22100BD2D55 /* AudioSource.h */ = {isa = PBXFileReference; fileEncoding = 4; lastKnownFileType = sourcecode.c.h; name = AudioSource.h; path = audio/AudioSource.h; sourceTree = "<group>"; };
		105423921922D5E600BD2D55 /* AudioBuffer.h */ = {isa = PBXFileReference; lastKnownFileType = sourcecode.c.h; name = AudioBuffer.h; path = audio/AudioBuffer.h; sourceTree = "<group>"; };
		105423931922D74700BD2D55 /* AudioBuffer.cpp */ = {isa = PBXFileReference; fileEncoding = 4; lastKnownFileType = sourcecode.cpp.cpp; name = AudioBuffer.cpp; path = audio/AudioBuffer.cpp; sourceTree = "<group>"; };
		1059E6FC184AFBDA00416AD8 /* AEProfiling.framework */ = {isa = PBXFileReference; lastKnownFileType = wrapper.framework; path = AEProfiling.framework; sourceTree = "<group>"; };
		1059E6FD184AFBDA00416AD8 /* AERegistration.framework */ = {isa = PBXFileReference; lastKnownFileType = wrapper.framework; path = AERegistration.framework; sourceTree = "<group>"; };
		1059E6FE184AFBDA00416AD8 /* AudioMixEngine.framework */ = {isa = PBXFileReference; lastKnownFileType = wrapper.framework; path = AudioMixEngine.framework; sourceTree = "<group>"; };
		1059E701184AFBDA00416AD8 /* NyxAudioAnalysis.framework */ = {isa = PBXFileReference; lastKnownFileType = wrapper.framework; path = NyxAudioAnalysis.framework; sourceTree = "<group>"; };
		1059E702184AFBDA00416AD8 /* OpenAL.framework */ = {isa = PBXFileReference; lastKnownFileType = wrapper.framework; path = OpenAL.framework; sourceTree = "<group>"; };
		1059E703184AFBDA00416AD8 /* PluginManager.framework */ = {isa = PBXFileReference; lastKnownFileType = wrapper.framework; path = PluginManager.framework; sourceTree = "<group>"; };
		1059E704184AFBDA00416AD8 /* Python.framework */ = {isa = PBXFileReference; lastKnownFileType = wrapper.framework; path = Python.framework; sourceTree = "<group>"; };
		1059E70C184AFBDA00416AD8 /* sndfile.framework */ = {isa = PBXFileReference; lastKnownFileType = wrapper.framework; path = sndfile.framework; sourceTree = "<group>"; };
		10783FDC190C09CD00F0A88C /* PhysicsManager.cpp */ = {isa = PBXFileReference; fileEncoding = 4; lastKnownFileType = sourcecode.cpp.cpp; name = PhysicsManager.cpp; path = physics/PhysicsManager.cpp; sourceTree = "<group>"; };
		10783FDD190C09CD00F0A88C /* PhysicsManager.h */ = {isa = PBXFileReference; fileEncoding = 4; lastKnownFileType = sourcecode.c.h; name = PhysicsManager.h; path = physics/PhysicsManager.h; sourceTree = "<group>"; };
		10783FDE190C09CD00F0A88C /* RigidBody.cpp */ = {isa = PBXFileReference; fileEncoding = 4; lastKnownFileType = sourcecode.cpp.cpp; name = RigidBody.cpp; path = physics/RigidBody.cpp; sourceTree = "<group>"; };
		10783FDF190C09CD00F0A88C /* RigidBody.h */ = {isa = PBXFileReference; fileEncoding = 4; lastKnownFileType = sourcecode.c.h; name = RigidBody.h; path = physics/RigidBody.h; sourceTree = "<group>"; };
		10783FE2190C09DB00F0A88C /* PhysicsModule.cpp */ = {isa = PBXFileReference; fileEncoding = 4; lastKnownFileType = sourcecode.cpp.cpp; path = PhysicsModule.cpp; sourceTree = "<group>"; };
		10783FE3190C09DB00F0A88C /* PhysicsModule.h */ = {isa = PBXFileReference; fileEncoding = 4; lastKnownFileType = sourcecode.c.h; path = PhysicsModule.h; sourceTree = "<group>"; };
		10783FE5190C0A8100F0A88C /* GizmoAxis.cpp */ = {isa = PBXFileReference; fileEncoding = 4; lastKnownFileType = sourcecode.cpp.cpp; name = GizmoAxis.cpp; path = gizmos/GizmoAxis.cpp; sourceTree = "<group>"; };
		10783FE6190C0A8100F0A88C /* GizmoAxis.h */ = {isa = PBXFileReference; fileEncoding = 4; lastKnownFileType = sourcecode.c.h; name = GizmoAxis.h; path = gizmos/GizmoAxis.h; sourceTree = "<group>"; };
		10783FE7190C0A8100F0A88C /* GizmoLine.cpp */ = {isa = PBXFileReference; fileEncoding = 4; lastKnownFileType = sourcecode.cpp.cpp; name = GizmoLine.cpp; path = gizmos/GizmoLine.cpp; sourceTree = "<group>"; };
		10783FE8190C0A8100F0A88C /* GizmoLine.h */ = {isa = PBXFileReference; fileEncoding = 4; lastKnownFileType = sourcecode.c.h; name = GizmoLine.h; path = gizmos/GizmoLine.h; sourceTree = "<group>"; };
		10832D4B1932AB2E00C419A7 /* stb_perlin.h */ = {isa = PBXFileReference; lastKnownFileType = sourcecode.c.h; name = stb_perlin.h; path = tools/procedural/stb_perlin.h; sourceTree = "<group>"; };
		10832D4C1932ABAB00C419A7 /* Perlin.h */ = {isa = PBXFileReference; lastKnownFileType = sourcecode.c.h; name = Perlin.h; path = tools/procedural/Perlin.h; sourceTree = "<group>"; };
		10832D4D1932ADCE00C419A7 /* ToolsModule.h */ = {isa = PBXFileReference; lastKnownFileType = sourcecode.c.h; path = ToolsModule.h; sourceTree = "<group>"; };
		10832D4E1932ADDF00C419A7 /* ToolsModule.cpp */ = {isa = PBXFileReference; fileEncoding = 4; lastKnownFileType = sourcecode.cpp.cpp; path = ToolsModule.cpp; sourceTree = "<group>"; };
		10877F46190C055F008F9076 /* libBulletCollision.a */ = {isa = PBXFileReference; lastKnownFileType = archive.ar; name = libBulletCollision.a; path = "../../../../../Resources/c_libs/C++/bullet-2.82-r2704/src/BulletCollision/Debug/libBulletCollision.a"; sourceTree = "<group>"; };
		10877F47190C055F008F9076 /* libBulletDynamics.a */ = {isa = PBXFileReference; lastKnownFileType = archive.ar; name = libBulletDynamics.a; path = "../../../../../Resources/c_libs/C++/bullet-2.82-r2704/src/BulletDynamics/Debug/libBulletDynamics.a"; sourceTree = "<group>"; };
		10877F48190C055F008F9076 /* libBulletSoftBody.a */ = {isa = PBXFileReference; lastKnownFileType = archive.ar; name = libBulletSoftBody.a; path = "../../../../../Resources/c_libs/C++/bullet-2.82-r2704/src/BulletSoftBody/Debug/libBulletSoftBody.a"; sourceTree = "<group>"; };
		10877F49190C055F008F9076 /* libLinearMath.a */ = {isa = PBXFileReference; lastKnownFileType = archive.ar; name = libLinearMath.a; path = "../../../../../Resources/c_libs/C++/bullet-2.82-r2704/src/LinearMath/Debug/libLinearMath.a"; sourceTree = "<group>"; };
		109BAFBA18F19225000F9C52 /* ShaderUniform.h */ = {isa = PBXFileReference; fileEncoding = 4; lastKnownFileType = sourcecode.c.h; name = ShaderUniform.h; path = material/ShaderUniform.h; sourceTree = "<group>"; };
		109E109B1904E31600537262 /* ShaderManager.cpp */ = {isa = PBXFileReference; fileEncoding = 4; lastKnownFileType = sourcecode.cpp.cpp; name = ShaderManager.cpp; path = material/ShaderManager.cpp; sourceTree = "<group>"; };
		109E109C1904E31600537262 /* ShaderManager.h */ = {isa = PBXFileReference; fileEncoding = 4; lastKnownFileType = sourcecode.c.h; name = ShaderManager.h; path = material/ShaderManager.h; sourceTree = "<group>"; };
		109E109D1904E31600537262 /* UniformBuffer.cpp */ = {isa = PBXFileReference; fileEncoding = 4; lastKnownFileType = sourcecode.cpp.cpp; name = UniformBuffer.cpp; path = material/UniformBuffer.cpp; sourceTree = "<group>"; };
		109E109E1904E31600537262 /* UniformBuffer.h */ = {isa = PBXFileReference; fileEncoding = 4; lastKnownFileType = sourcecode.c.h; name = UniformBuffer.h; path = material/UniformBuffer.h; sourceTree = "<group>"; };
		109E8967186E6B3D00E95E3B /* OpenGL.framework */ = {isa = PBXFileReference; lastKnownFileType = wrapper.framework; name = OpenGL.framework; path = System/Library/Frameworks/OpenGL.framework; sourceTree = SDKROOT; };
		10A88B0C18EAF178000D61AE /* MaterialManager.cpp */ = {isa = PBXFileReference; fileEncoding = 4; lastKnownFileType = sourcecode.cpp.cpp; name = MaterialManager.cpp; path = material/MaterialManager.cpp; sourceTree = "<group>"; };
		10A88B0D18EAF178000D61AE /* MaterialManager.h */ = {isa = PBXFileReference; fileEncoding = 4; lastKnownFileType = sourcecode.c.h; name = MaterialManager.h; path = material/MaterialManager.h; sourceTree = "<group>"; };
		10B94DA118DE5421002A53C9 /* GizmoCube.cpp */ = {isa = PBXFileReference; fileEncoding = 4; lastKnownFileType = sourcecode.cpp.cpp; name = GizmoCube.cpp; path = gizmos/GizmoCube.cpp; sourceTree = "<group>"; };
		10B94DA218DE5421002A53C9 /* GizmoCube.h */ = {isa = PBXFileReference; fileEncoding = 4; lastKnownFileType = sourcecode.c.h; name = GizmoCube.h; path = gizmos/GizmoCube.h; sourceTree = "<group>"; };
		10B94DA318DE5421002A53C9 /* GizmoManager.cpp */ = {isa = PBXFileReference; fileEncoding = 4; lastKnownFileType = sourcecode.cpp.cpp; name = GizmoManager.cpp; path = gizmos/GizmoManager.cpp; sourceTree = "<group>"; };
		10B94DA418DE5421002A53C9 /* GizmoManager.h */ = {isa = PBXFileReference; fileEncoding = 4; lastKnownFileType = sourcecode.c.h; name = GizmoManager.h; path = gizmos/GizmoManager.h; sourceTree = "<group>"; };
		10B94DA518DE5421002A53C9 /* GizmoOperation.h */ = {isa = PBXFileReference; fileEncoding = 4; lastKnownFileType = sourcecode.c.h; name = GizmoOperation.h; path = gizmos/GizmoOperation.h; sourceTree = "<group>"; };
		10B94DA618DE5421002A53C9 /* GizmoSphere.cpp */ = {isa = PBXFileReference; fileEncoding = 4; lastKnownFileType = sourcecode.cpp.cpp; name = GizmoSphere.cpp; path = gizmos/GizmoSphere.cpp; sourceTree = "<group>"; };
		10B94DA718DE5421002A53C9 /* GizmoSphere.h */ = {isa = PBXFileReference; fileEncoding = 4; lastKnownFileType = sourcecode.c.h; name = GizmoSphere.h; path = gizmos/GizmoSphere.h; sourceTree = "<group>"; };
		10B94DA818DE5421002A53C9 /* GizmoType.h */ = {isa = PBXFileReference; fileEncoding = 4; lastKnownFileType = sourcecode.c.h; name = GizmoType.h; path = gizmos/GizmoType.h; sourceTree = "<group>"; };
		10B94DA918DE5421002A53C9 /* GizmoType.cpp */ = {isa = PBXFileReference; fileEncoding = 4; lastKnownFileType = sourcecode.cpp.cpp; path = GizmoType.cpp; sourceTree = "<group>"; };
		10B94DAA18DE5421002A53C9 /* RenderUtilities.h */ = {isa = PBXFileReference; fileEncoding = 4; lastKnownFileType = sourcecode.c.h; path = RenderUtilities.h; sourceTree = "<group>"; };
		10BCF19319242B810062F421 /* AudioModule.h */ = {isa = PBXFileReference; lastKnownFileType = sourcecode.c.h; path = AudioModule.h; sourceTree = "<group>"; };
		10BCF19419242B900062F421 /* AudioModule.cpp */ = {isa = PBXFileReference; fileEncoding = 4; lastKnownFileType = sourcecode.cpp.cpp; path = AudioModule.cpp; sourceTree = "<group>"; };
		10BF7F6D1A77AD4C00C0E8EC /* ResourcePath.cpp */ = {isa = PBXFileReference; fileEncoding = 4; lastKnownFileType = sourcecode.cpp.cpp; name = ResourcePath.cpp; path = resource/ResourcePath.cpp; sourceTree = "<group>"; };
		10BF7F6E1A77AD4C00C0E8EC /* ResourcePath.h */ = {isa = PBXFileReference; fileEncoding = 4; lastKnownFileType = sourcecode.c.h; name = ResourcePath.h; path = resource/ResourcePath.h; sourceTree = "<group>"; };
		10C1EA4C190278F7002EF7F4 /* ResourceModule.h */ = {isa = PBXFileReference; lastKnownFileType = sourcecode.c.h; path = ResourceModule.h; sourceTree = "<group>"; };
		10C1EA4D1902790A002EF7F4 /* ResourceModule.cpp */ = {isa = PBXFileReference; fileEncoding = 4; lastKnownFileType = sourcecode.cpp.cpp; path = ResourceModule.cpp; sourceTree = "<group>"; };
		10C2B85D1909EA240032EDDA /* Mesh.cpp */ = {isa = PBXFileReference; fileEncoding = 4; lastKnownFileType = sourcecode.cpp.cpp; name = Mesh.cpp; path = mesh/Mesh.cpp; sourceTree = "<group>"; };
		10C2B85E1909EA240032EDDA /* Mesh.h */ = {isa = PBXFileReference; fileEncoding = 4; lastKnownFileType = sourcecode.c.h; name = Mesh.h; path = mesh/Mesh.h; sourceTree = "<group>"; };
		10C2B85F1909EA240032EDDA /* MeshFactory.cpp */ = {isa = PBXFileReference; fileEncoding = 4; lastKnownFileType = sourcecode.cpp.cpp; name = MeshFactory.cpp; path = mesh/MeshFactory.cpp; sourceTree = "<group>"; };
		10C2B8601909EA240032EDDA /* MeshFactory.h */ = {isa = PBXFileReference; fileEncoding = 4; lastKnownFileType = sourcecode.c.h; name = MeshFactory.h; path = mesh/MeshFactory.h; sourceTree = "<group>"; };
		10C2B8611909EA240032EDDA /* MeshLoaderInterface.h */ = {isa = PBXFileReference; fileEncoding = 4; lastKnownFileType = sourcecode.c.h; name = MeshLoaderInterface.h; path = mesh/MeshLoaderInterface.h; sourceTree = "<group>"; };
		10C2B8621909EA240032EDDA /* MeshLoaderOBJ.cpp */ = {isa = PBXFileReference; fileEncoding = 4; lastKnownFileType = sourcecode.cpp.cpp; name = MeshLoaderOBJ.cpp; path = mesh/MeshLoaderOBJ.cpp; sourceTree = "<group>"; };
		10C2B8631909EA240032EDDA /* MeshLoaderOBJ.h */ = {isa = PBXFileReference; fileEncoding = 4; lastKnownFileType = sourcecode.c.h; name = MeshLoaderOBJ.h; path = mesh/MeshLoaderOBJ.h; sourceTree = "<group>"; };
		10C2B8641909EA240032EDDA /* MeshManager.cpp */ = {isa = PBXFileReference; fileEncoding = 4; lastKnownFileType = sourcecode.cpp.cpp; name = MeshManager.cpp; path = mesh/MeshManager.cpp; sourceTree = "<group>"; };
		10C2B8651909EA240032EDDA /* MeshManager.h */ = {isa = PBXFileReference; fileEncoding = 4; lastKnownFileType = sourcecode.c.h; name = MeshManager.h; path = mesh/MeshManager.h; sourceTree = "<group>"; };
		10C2B8661909EA240032EDDA /* VertexAttrib.cpp */ = {isa = PBXFileReference; fileEncoding = 4; lastKnownFileType = sourcecode.cpp.cpp; name = VertexAttrib.cpp; path = mesh/VertexAttrib.cpp; sourceTree = "<group>"; };
		10C2B8671909EA240032EDDA /* VertexAttrib.h */ = {isa = PBXFileReference; fileEncoding = 4; lastKnownFileType = sourcecode.c.h; name = VertexAttrib.h; path = mesh/VertexAttrib.h; sourceTree = "<group>"; };
		10C2B8681909EA240032EDDA /* VertexBuffer.cpp */ = {isa = PBXFileReference; fileEncoding = 4; lastKnownFileType = sourcecode.cpp.cpp; name = VertexBuffer.cpp; path = mesh/VertexBuffer.cpp; sourceTree = "<group>"; };
		10C2B8691909EA240032EDDA /* VertexBuffer.h */ = {isa = PBXFileReference; fileEncoding = 4; lastKnownFileType = sourcecode.c.h; name = VertexBuffer.h; path = mesh/VertexBuffer.h; sourceTree = "<group>"; };
		10C2B86A1909EA240032EDDA /* VertexData.cpp */ = {isa = PBXFileReference; fileEncoding = 4; lastKnownFileType = sourcecode.cpp.cpp; name = VertexData.cpp; path = mesh/VertexData.cpp; sourceTree = "<group>"; };
		10C2B86B1909EA240032EDDA /* VertexData.h */ = {isa = PBXFileReference; fileEncoding = 4; lastKnownFileType = sourcecode.c.h; name = VertexData.h; path = mesh/VertexData.h; sourceTree = "<group>"; };
		10C35F2F19092BD800BC19B2 /* Texture.cpp */ = {isa = PBXFileReference; fileEncoding = 4; lastKnownFileType = sourcecode.cpp.cpp; name = Texture.cpp; path = texture/Texture.cpp; sourceTree = "<group>"; };
		10C35F3019092BD800BC19B2 /* Texture.h */ = {isa = PBXFileReference; fileEncoding = 4; lastKnownFileType = sourcecode.c.h; name = Texture.h; path = texture/Texture.h; sourceTree = "<group>"; };
		10C35F3119092BD800BC19B2 /* TextureData.cpp */ = {isa = PBXFileReference; fileEncoding = 4; lastKnownFileType = sourcecode.cpp.cpp; name = TextureData.cpp; path = texture/TextureData.cpp; sourceTree = "<group>"; };
		10C35F3219092BD800BC19B2 /* TextureData.h */ = {isa = PBXFileReference; fileEncoding = 4; lastKnownFileType = sourcecode.c.h; name = TextureData.h; path = texture/TextureData.h; sourceTree = "<group>"; };
		10C35F3319092BD800BC19B2 /* TextureLoaderBMP.cpp */ = {isa = PBXFileReference; fileEncoding = 4; lastKnownFileType = sourcecode.cpp.cpp; name = TextureLoaderBMP.cpp; path = texture/TextureLoaderBMP.cpp; sourceTree = "<group>"; };
		10C35F3419092BD800BC19B2 /* TextureLoaderBMP.h */ = {isa = PBXFileReference; fileEncoding = 4; lastKnownFileType = sourcecode.c.h; name = TextureLoaderBMP.h; path = texture/TextureLoaderBMP.h; sourceTree = "<group>"; };
		10C35F3519092BD800BC19B2 /* TextureLoaderInterface.h */ = {isa = PBXFileReference; fileEncoding = 4; lastKnownFileType = sourcecode.c.h; name = TextureLoaderInterface.h; path = texture/TextureLoaderInterface.h; sourceTree = "<group>"; };
		10C35F3619092BD800BC19B2 /* TextureManager.cpp */ = {isa = PBXFileReference; fileEncoding = 4; lastKnownFileType = sourcecode.cpp.cpp; name = TextureManager.cpp; path = texture/TextureManager.cpp; sourceTree = "<group>"; };
		10C35F3719092BD800BC19B2 /* TextureManager.h */ = {isa = PBXFileReference; fileEncoding = 4; lastKnownFileType = sourcecode.c.h; name = TextureManager.h; path = texture/TextureManager.h; sourceTree = "<group>"; };
		10D3AFFD18B625790041DBC5 /* UIOverlay.h */ = {isa = PBXFileReference; fileEncoding = 4; lastKnownFileType = sourcecode.c.h; path = UIOverlay.h; sourceTree = "<group>"; };
		10D3B00018B625900041DBC5 /* UIModule.cpp */ = {isa = PBXFileReference; fileEncoding = 4; lastKnownFileType = sourcecode.cpp.cpp; path = UIModule.cpp; sourceTree = "<group>"; };
		10D3B00118B625900041DBC5 /* UIModule.h */ = {isa = PBXFileReference; fileEncoding = 4; lastKnownFileType = sourcecode.c.h; path = UIModule.h; sourceTree = "<group>"; };
		10D3B00318B625EF0041DBC5 /* InputManager.h */ = {isa = PBXFileReference; fileEncoding = 4; lastKnownFileType = sourcecode.c.h; path = InputManager.h; sourceTree = "<group>"; };
		10E0274018EB7185002FEA14 /* Light.h */ = {isa = PBXFileReference; lastKnownFileType = sourcecode.c.h; path = Light.h; sourceTree = "<group>"; };
		10E0274118EB71FF002FEA14 /* Light.cpp */ = {isa = PBXFileReference; fileEncoding = 4; lastKnownFileType = sourcecode.cpp.cpp; path = Light.cpp; sourceTree = "<group>"; };
		10EA6EAA1908A696001BFF5F /* ShaderUniform.cpp */ = {isa = PBXFileReference; fileEncoding = 4; lastKnownFileType = sourcecode.cpp.cpp; name = ShaderUniform.cpp; path = material/ShaderUniform.cpp; sourceTree = "<group>"; };
		10EC44501878422700B48152 /* EpsilonManager.cpp */ = {isa = PBXFileReference; fileEncoding = 4; lastKnownFileType = sourcecode.cpp.cpp; path = EpsilonManager.cpp; sourceTree = "<group>"; };
		10EC44511878422700B48152 /* EpsilonManager.h */ = {isa = PBXFileReference; fileEncoding = 4; lastKnownFileType = sourcecode.c.h; path = EpsilonManager.h; sourceTree = "<group>"; };
		10EC44521878422700B48152 /* EpsilonCore.h */ = {isa = PBXFileReference; fileEncoding = 4; lastKnownFileType = sourcecode.c.h; path = EpsilonCore.h; sourceTree = "<group>"; };
		10EC44541878422700B48152 /* Exception.h */ = {isa = PBXFileReference; fileEncoding = 4; lastKnownFileType = sourcecode.c.h; path = Exception.h; sourceTree = "<group>"; };
		10EC44571878422700B48152 /* Event.h */ = {isa = PBXFileReference; fileEncoding = 4; lastKnownFileType = sourcecode.c.h; path = Event.h; sourceTree = "<group>"; };
		10EC44591878422700B48152 /* EventListener.h */ = {isa = PBXFileReference; fileEncoding = 4; lastKnownFileType = sourcecode.c.h; path = EventListener.h; sourceTree = "<group>"; };
		10EC445A1878422700B48152 /* EventManager.cpp */ = {isa = PBXFileReference; fileEncoding = 4; lastKnownFileType = sourcecode.cpp.cpp; path = EventManager.cpp; sourceTree = "<group>"; };
		10EC445B1878422700B48152 /* EventManager.h */ = {isa = PBXFileReference; fileEncoding = 4; lastKnownFileType = sourcecode.c.h; path = EventManager.h; sourceTree = "<group>"; };
		10EC445D1878422700B48152 /* Logging.cpp */ = {isa = PBXFileReference; fileEncoding = 4; lastKnownFileType = sourcecode.cpp.cpp; path = Logging.cpp; sourceTree = "<group>"; };
		10EC445E1878422700B48152 /* Logging.h */ = {isa = PBXFileReference; fileEncoding = 4; lastKnownFileType = sourcecode.c.h; path = Logging.h; sourceTree = "<group>"; };
		10EC445F1878422700B48152 /* main.cpp */ = {isa = PBXFileReference; fileEncoding = 4; lastKnownFileType = sourcecode.cpp.cpp; path = main.cpp; sourceTree = "<group>"; };
		10EC44611878422700B48152 /* Defines.h */ = {isa = PBXFileReference; fileEncoding = 4; lastKnownFileType = sourcecode.c.h; path = Defines.h; sourceTree = "<group>"; };
		10EC44621878422700B48152 /* Matrix.cpp */ = {isa = PBXFileReference; fileEncoding = 4; lastKnownFileType = sourcecode.cpp.cpp; path = Matrix.cpp; sourceTree = "<group>"; };
		10EC44631878422700B48152 /* Matrix.h */ = {isa = PBXFileReference; fileEncoding = 4; lastKnownFileType = sourcecode.c.h; path = Matrix.h; sourceTree = "<group>"; };
		10EC44641878422700B48152 /* Quaternion.cpp */ = {isa = PBXFileReference; fileEncoding = 4; lastKnownFileType = sourcecode.cpp.cpp; path = Quaternion.cpp; sourceTree = "<group>"; };
		10EC44651878422700B48152 /* Quaternion.h */ = {isa = PBXFileReference; fileEncoding = 4; lastKnownFileType = sourcecode.c.h; path = Quaternion.h; sourceTree = "<group>"; };
		10EC44661878422700B48152 /* Rotation.h */ = {isa = PBXFileReference; fileEncoding = 4; lastKnownFileType = sourcecode.c.h; path = Rotation.h; sourceTree = "<group>"; };
		10EC44671878422700B48152 /* Vector.cpp */ = {isa = PBXFileReference; fileEncoding = 4; lastKnownFileType = sourcecode.cpp.cpp; path = Vector.cpp; sourceTree = "<group>"; };
		10EC44681878422700B48152 /* Vector.h */ = {isa = PBXFileReference; fileEncoding = 4; lastKnownFileType = sourcecode.c.h; path = Vector.h; sourceTree = "<group>"; };
		10EC446A1878422700B48152 /* Camera.cpp */ = {isa = PBXFileReference; fileEncoding = 4; lastKnownFileType = sourcecode.cpp.cpp; path = Camera.cpp; sourceTree = "<group>"; };
		10EC446B1878422700B48152 /* Camera.h */ = {isa = PBXFileReference; fileEncoding = 4; lastKnownFileType = sourcecode.c.h; path = Camera.h; sourceTree = "<group>"; };
		10EC446C1878422700B48152 /* Colour.cpp */ = {isa = PBXFileReference; fileEncoding = 4; lastKnownFileType = sourcecode.cpp.cpp; path = Colour.cpp; sourceTree = "<group>"; };
		10EC446D1878422700B48152 /* Colour.h */ = {isa = PBXFileReference; fileEncoding = 4; lastKnownFileType = sourcecode.c.h; path = Colour.h; sourceTree = "<group>"; };
		10EC44741878422700B48152 /* Renderer.cpp */ = {isa = PBXFileReference; fileEncoding = 4; lastKnownFileType = sourcecode.cpp.cpp; path = Renderer.cpp; sourceTree = "<group>"; };
		10EC44751878422700B48152 /* Renderer.h */ = {isa = PBXFileReference; fileEncoding = 4; lastKnownFileType = sourcecode.c.h; path = Renderer.h; sourceTree = "<group>"; };
		10EC44761878422700B48152 /* RenderManager.cpp */ = {isa = PBXFileReference; fileEncoding = 4; lastKnownFileType = sourcecode.cpp.cpp; path = RenderManager.cpp; sourceTree = "<group>"; };
		10EC44771878422700B48152 /* RenderManager.h */ = {isa = PBXFileReference; fileEncoding = 4; lastKnownFileType = sourcecode.c.h; path = RenderManager.h; sourceTree = "<group>"; };
		10EC44821878422700B48152 /* Node.cpp */ = {isa = PBXFileReference; fileEncoding = 4; lastKnownFileType = sourcecode.cpp.cpp; path = Node.cpp; sourceTree = "<group>"; };
		10EC44831878422700B48152 /* Node.h */ = {isa = PBXFileReference; fileEncoding = 4; lastKnownFileType = sourcecode.c.h; path = Node.h; sourceTree = "<group>"; };
		10EC44851878422700B48152 /* NodeComponent.h */ = {isa = PBXFileReference; fileEncoding = 4; lastKnownFileType = sourcecode.c.h; path = NodeComponent.h; sourceTree = "<group>"; };
		10EC44861878422700B48152 /* Object.h */ = {isa = PBXFileReference; fileEncoding = 4; lastKnownFileType = sourcecode.c.h; path = Object.h; sourceTree = "<group>"; };
		10EC44871878422700B48152 /* Scene.cpp */ = {isa = PBXFileReference; fileEncoding = 4; lastKnownFileType = sourcecode.cpp.cpp; path = Scene.cpp; sourceTree = "<group>"; };
		10EC44881878422700B48152 /* Scene.h */ = {isa = PBXFileReference; fileEncoding = 4; lastKnownFileType = sourcecode.c.h; path = Scene.h; sourceTree = "<group>"; };
		10EC44891878422700B48152 /* SceneManager.cpp */ = {isa = PBXFileReference; fileEncoding = 4; lastKnownFileType = sourcecode.cpp.cpp; path = SceneManager.cpp; sourceTree = "<group>"; };
		10EC448A1878422700B48152 /* SceneManager.h */ = {isa = PBXFileReference; fileEncoding = 4; lastKnownFileType = sourcecode.c.h; path = SceneManager.h; sourceTree = "<group>"; };
		10EC448B1878422700B48152 /* Transform.cpp */ = {isa = PBXFileReference; fileEncoding = 4; lastKnownFileType = sourcecode.cpp.cpp; path = Transform.cpp; sourceTree = "<group>"; };
		10EC448C1878422700B48152 /* Transform.h */ = {isa = PBXFileReference; fileEncoding = 4; lastKnownFileType = sourcecode.c.h; path = Transform.h; sourceTree = "<group>"; };
		10EC448F1878422700B48152 /* EventsModule.cpp */ = {isa = PBXFileReference; fileEncoding = 4; lastKnownFileType = sourcecode.cpp.cpp; path = EventsModule.cpp; sourceTree = "<group>"; };
		10EC44901878422700B48152 /* EventsModule.h */ = {isa = PBXFileReference; fileEncoding = 4; lastKnownFileType = sourcecode.c.h; path = EventsModule.h; sourceTree = "<group>"; };
		10EC44911878422700B48152 /* LoggingModule.cpp */ = {isa = PBXFileReference; fileEncoding = 4; lastKnownFileType = sourcecode.cpp.cpp; path = LoggingModule.cpp; sourceTree = "<group>"; };
		10EC44921878422700B48152 /* LoggingModule.h */ = {isa = PBXFileReference; fileEncoding = 4; lastKnownFileType = sourcecode.c.h; path = LoggingModule.h; sourceTree = "<group>"; };
		10EC44931878422700B48152 /* MainModule.cpp */ = {isa = PBXFileReference; fileEncoding = 4; lastKnownFileType = sourcecode.cpp.cpp; path = MainModule.cpp; sourceTree = "<group>"; };
		10EC44941878422700B48152 /* MainModule.h */ = {isa = PBXFileReference; fileEncoding = 4; lastKnownFileType = sourcecode.c.h; path = MainModule.h; sourceTree = "<group>"; };
		10EC44951878422700B48152 /* ManagerModule.cpp */ = {isa = PBXFileReference; fileEncoding = 4; lastKnownFileType = sourcecode.cpp.cpp; path = ManagerModule.cpp; sourceTree = "<group>"; };
		10EC44961878422700B48152 /* ManagerModule.h */ = {isa = PBXFileReference; fileEncoding = 4; lastKnownFileType = sourcecode.c.h; path = ManagerModule.h; sourceTree = "<group>"; };
		10EC44971878422700B48152 /* MathModule.cpp */ = {isa = PBXFileReference; fileEncoding = 4; lastKnownFileType = sourcecode.cpp.cpp; path = MathModule.cpp; sourceTree = "<group>"; };
		10EC44981878422700B48152 /* MathModule.h */ = {isa = PBXFileReference; fileEncoding = 4; lastKnownFileType = sourcecode.c.h; path = MathModule.h; sourceTree = "<group>"; };
		10EC44991878422700B48152 /* RenderModule.cpp */ = {isa = PBXFileReference; fileEncoding = 4; lastKnownFileType = sourcecode.cpp.cpp; path = RenderModule.cpp; sourceTree = "<group>"; };
		10EC449A1878422700B48152 /* RenderModule.h */ = {isa = PBXFileReference; fileEncoding = 4; lastKnownFileType = sourcecode.c.h; path = RenderModule.h; sourceTree = "<group>"; };
		10EC449B1878422700B48152 /* SceneModule.cpp */ = {isa = PBXFileReference; fileEncoding = 4; lastKnownFileType = sourcecode.cpp.cpp; path = SceneModule.cpp; sourceTree = "<group>"; };
		10EC449C1878422700B48152 /* SceneModule.h */ = {isa = PBXFileReference; fileEncoding = 4; lastKnownFileType = sourcecode.c.h; path = SceneModule.h; sourceTree = "<group>"; };
		10EC449D1878422700B48152 /* ScriptModule.cpp */ = {isa = PBXFileReference; fileEncoding = 4; lastKnownFileType = sourcecode.cpp.cpp; path = ScriptModule.cpp; sourceTree = "<group>"; };
		10EC449E1878422700B48152 /* ScriptModule.h */ = {isa = PBXFileReference; fileEncoding = 4; lastKnownFileType = sourcecode.c.h; path = ScriptModule.h; sourceTree = "<group>"; };
		10EC449F1878422700B48152 /* UtilitiesModule.cpp */ = {isa = PBXFileReference; fileEncoding = 4; lastKnownFileType = sourcecode.cpp.cpp; path = UtilitiesModule.cpp; sourceTree = "<group>"; };
		10EC44A01878422700B48152 /* UtilitiesModule.h */ = {isa = PBXFileReference; fileEncoding = 4; lastKnownFileType = sourcecode.c.h; path = UtilitiesModule.h; sourceTree = "<group>"; };
		10EC44A11878422700B48152 /* PythonLogListener.h */ = {isa = PBXFileReference; fileEncoding = 4; lastKnownFileType = sourcecode.c.h; path = PythonLogListener.h; sourceTree = "<group>"; };
		10EC44A21878422700B48152 /* Script.cpp */ = {isa = PBXFileReference; fileEncoding = 4; lastKnownFileType = sourcecode.cpp.cpp; path = Script.cpp; sourceTree = "<group>"; };
		10EC44A31878422700B48152 /* Script.h */ = {isa = PBXFileReference; fileEncoding = 4; lastKnownFileType = sourcecode.c.h; path = Script.h; sourceTree = "<group>"; };
		10EC44A41878422700B48152 /* ScriptBehaviour.cpp */ = {isa = PBXFileReference; fileEncoding = 4; lastKnownFileType = sourcecode.cpp.cpp; path = ScriptBehaviour.cpp; sourceTree = "<group>"; };
		10EC44A51878422700B48152 /* ScriptBehaviour.h */ = {isa = PBXFileReference; fileEncoding = 4; lastKnownFileType = sourcecode.c.h; path = ScriptBehaviour.h; sourceTree = "<group>"; };
		10EC44A61878422700B48152 /* ScriptCommon.h */ = {isa = PBXFileReference; fileEncoding = 4; lastKnownFileType = sourcecode.c.h; path = ScriptCommon.h; sourceTree = "<group>"; };
		10EC44A71878422700B48152 /* ScriptEngineCore.cpp */ = {isa = PBXFileReference; fileEncoding = 4; lastKnownFileType = sourcecode.cpp.cpp; path = ScriptEngineCore.cpp; sourceTree = "<group>"; };
		10EC44A81878422700B48152 /* ScriptEngineCore.h */ = {isa = PBXFileReference; fileEncoding = 4; lastKnownFileType = sourcecode.c.h; path = ScriptEngineCore.h; sourceTree = "<group>"; };
		10EC44A91878422700B48152 /* ScriptManager.cpp */ = {isa = PBXFileReference; fileEncoding = 4; lastKnownFileType = sourcecode.cpp.cpp; path = ScriptManager.cpp; sourceTree = "<group>"; };
		10EC44AA1878422700B48152 /* ScriptManager.h */ = {isa = PBXFileReference; fileEncoding = 4; lastKnownFileType = sourcecode.c.h; path = ScriptManager.h; sourceTree = "<group>"; };
		10EC44AC1878422700B48152 /* pointerTests.cpp */ = {isa = PBXFileReference; fileEncoding = 4; lastKnownFileType = sourcecode.cpp.cpp; path = pointerTests.cpp; sourceTree = "<group>"; };
		10EC44B21878422700B48152 /* UIManager.cpp */ = {isa = PBXFileReference; fileEncoding = 4; lastKnownFileType = sourcecode.cpp.cpp; path = UIManager.cpp; sourceTree = "<group>"; };
		10EC44B31878422700B48152 /* UIManager.h */ = {isa = PBXFileReference; fileEncoding = 4; lastKnownFileType = sourcecode.c.h; path = UIManager.h; sourceTree = "<group>"; };
		10EC44B41878422700B48152 /* UIWindow.h */ = {isa = PBXFileReference; fileEncoding = 4; lastKnownFileType = sourcecode.c.h; path = UIWindow.h; sourceTree = "<group>"; };
		10EC44B61878422700B48152 /* Utilities.h */ = {isa = PBXFileReference; fileEncoding = 4; lastKnownFileType = sourcecode.c.h; path = Utilities.h; sourceTree = "<group>"; };
		10F5B19F18EBF1C900A2A9B9 /* SceneNode.h */ = {isa = PBXFileReference; lastKnownFileType = sourcecode.c.h; path = SceneNode.h; sourceTree = "<group>"; };
		10F5B1A018EBF1D900A2A9B9 /* SceneNode.cpp */ = {isa = PBXFileReference; fileEncoding = 4; lastKnownFileType = sourcecode.cpp.cpp; path = SceneNode.cpp; sourceTree = "<group>"; };
		10FBE8F918E8CD5400027082 /* Material.cpp */ = {isa = PBXFileReference; fileEncoding = 4; lastKnownFileType = sourcecode.cpp.cpp; name = Material.cpp; path = material/Material.cpp; sourceTree = "<group>"; };
		10FBE8FA18E8CD5400027082 /* Material.h */ = {isa = PBXFileReference; fileEncoding = 4; lastKnownFileType = sourcecode.c.h; name = Material.h; path = material/Material.h; sourceTree = "<group>"; };
		10FBE8FB18E8CD5400027082 /* Shader.cpp */ = {isa = PBXFileReference; fileEncoding = 4; lastKnownFileType = sourcecode.cpp.cpp; name = Shader.cpp; path = material/Shader.cpp; sourceTree = "<group>"; };
		10FBE8FC18E8CD5400027082 /* Shader.h */ = {isa = PBXFileReference; fileEncoding = 4; lastKnownFileType = sourcecode.c.h; name = Shader.h; path = material/Shader.h; sourceTree = "<group>"; };
		10FBE8FD18E8CD5400027082 /* ShaderStage.cpp */ = {isa = PBXFileReference; fileEncoding = 4; lastKnownFileType = sourcecode.cpp.cpp; name = ShaderStage.cpp; path = material/ShaderStage.cpp; sourceTree = "<group>"; };
		10FBE8FE18E8CD5400027082 /* ShaderStage.h */ = {isa = PBXFileReference; fileEncoding = 4; lastKnownFileType = sourcecode.c.h; name = ShaderStage.h; path = material/ShaderStage.h; sourceTree = "<group>"; };
		10FBE8FF18E8CD5400027082 /* ShaderUtilities.h */ = {isa = PBXFileReference; fileEncoding = 4; lastKnownFileType = sourcecode.c.h; name = ShaderUtilities.h; path = material/ShaderUtilities.h; sourceTree = "<group>"; };
		10FBE90318E8CD6A00027082 /* Resource.cpp */ = {isa = PBXFileReference; fileEncoding = 4; lastKnownFileType = sourcecode.cpp.cpp; name = Resource.cpp; path = resource/Resource.cpp; sourceTree = "<group>"; };
		10FBE90418E8CD6A00027082 /* ResourceDependency.h */ = {isa = PBXFileReference; fileEncoding = 4; lastKnownFileType = sourcecode.c.h; name = ResourceDependency.h; path = resource/ResourceDependency.h; sourceTree = "<group>"; };
		10FBE90518E8CD6A00027082 /* ResourceOwnerInterface.h */ = {isa = PBXFileReference; fileEncoding = 4; lastKnownFileType = sourcecode.c.h; name = ResourceOwnerInterface.h; path = resource/ResourceOwnerInterface.h; sourceTree = "<group>"; };
		10FBE90618E8CD6A00027082 /* ResourceType.cpp */ = {isa = PBXFileReference; fileEncoding = 4; lastKnownFileType = sourcecode.cpp.cpp; name = ResourceType.cpp; path = resource/ResourceType.cpp; sourceTree = "<group>"; };
		10FBE90718E8CD6A00027082 /* ResourceType.h */ = {isa = PBXFileReference; fileEncoding = 4; lastKnownFileType = sourcecode.c.h; name = ResourceType.h; path = resource/ResourceType.h; sourceTree = "<group>"; };
		10FBE90A18E8CD8600027082 /* HashedString.h */ = {isa = PBXFileReference; fileEncoding = 4; lastKnownFileType = sourcecode.c.h; path = HashedString.h; sourceTree = "<group>"; };
/* End PBXFileReference section */

/* Begin PBXFrameworksBuildPhase section */
		101B1B6C1829E5990094A53D /* Frameworks */ = {
			isa = PBXFrameworksBuildPhase;
			buildActionMask = 2147483647;
			files = (
				10877F4D190C0560008F9076 /* libLinearMath.a in Frameworks */,
				10A88B0F18EAFB72000D61AE /* OpenGL.framework in Frameworks */,
				10877F4B190C055F008F9076 /* libBulletDynamics.a in Frameworks */,
				108D3517186E88C00002E4F4 /* Python.framework in Frameworks */,
				10877F4A190C055F008F9076 /* libBulletCollision.a in Frameworks */,
				10877F4C190C0560008F9076 /* libBulletSoftBody.a in Frameworks */,
			);
			runOnlyForDeploymentPostprocessing = 0;
		};
/* End PBXFrameworksBuildPhase section */

/* Begin PBXGroup section */
		101B1B661829E5990094A53D = {
			isa = PBXGroup;
			children = (
				1080219C190CDC3500152A62 /* Bulletlibs */,
				1059E6FB184AFBDA00416AD8 /* Frameworks */,
				101B1B701829E5990094A53D /* Epsilon */,
				101B1B6F1829E5990094A53D /* Products */,
			);
			sourceTree = "<group>";
		};
		101B1B6F1829E5990094A53D /* Products */ = {
			isa = PBXGroup;
			children = (
				101B1B6E1829E5990094A53D /* Epsilon */,
			);
			name = Products;
			sourceTree = "<group>";
		};
		101B1B701829E5990094A53D /* Epsilon */ = {
			isa = PBXGroup;
			children = (
				10EC444E1878422700B48152 /* source */,
			);
			path = Epsilon;
			sourceTree = "<group>";
		};
		102760711A6B5B5F00639FBC /* external */ = {
			isa = PBXGroup;
			children = (
				102760731A6B5B8300639FBC /* imgui */,
				102760791A6B5B8300639FBC /* imgui-backends */,
			);
			name = external;
			sourceTree = "<group>";
		};
		102760731A6B5B8300639FBC /* imgui */ = {
			isa = PBXGroup;
			children = (
				102760741A6B5B8300639FBC /* imconfig.h */,
				102760751A6B5B8300639FBC /* imgui.cpp */,
				102760761A6B5B8300639FBC /* imgui.h */,
				102760771A6B5B8300639FBC /* LICENSE */,
				102760781A6B5B8300639FBC /* stb_textedit.h */,
			);
			name = imgui;
			path = external/imgui;
			sourceTree = "<group>";
		};
		102760791A6B5B8300639FBC /* imgui-backends */ = {
			isa = PBXGroup;
			children = (
				1027607A1A6B5B8300639FBC /* LICENSE */,
				1027607B1A6B5B8300639FBC /* SFML */,
			);
			name = "imgui-backends";
			path = "external/imgui-backends";
			sourceTree = "<group>";
		};
		1027607B1A6B5B8300639FBC /* SFML */ = {
			isa = PBXGroup;
			children = (
				1027607C1A6B5B8300639FBC /* imconfig-SFML.h */,
				1027607D1A6B5B8300639FBC /* imgui-SFML.h */,
				1027607E1A6B5B8300639FBC /* stb_image.h */,
			);
			path = SFML;
			sourceTree = "<group>";
		};
		104CC9AB18E0E73C00E85F16 /* resource */ = {
			isa = PBXGroup;
			children = (
				10BF7F6D1A77AD4C00C0E8EC /* ResourcePath.cpp */,
				10BF7F6E1A77AD4C00C0E8EC /* ResourcePath.h */,
				10FBE90318E8CD6A00027082 /* Resource.cpp */,
				10FBE90418E8CD6A00027082 /* ResourceDependency.h */,
				10FBE90518E8CD6A00027082 /* ResourceOwnerInterface.h */,
				10FBE90618E8CD6A00027082 /* ResourceType.cpp */,
				10FBE90718E8CD6A00027082 /* ResourceType.h */,
				104CC9AC18E0E7B000E85F16 /* ResourceManager.h */,
				104CC9AD18E0E84500E85F16 /* ResourceManager.cpp */,
				104CC9AF18E0E8B100E85F16 /* Resource.h */,
				104CC9B018E0E96900E85F16 /* ResourceOwner.h */,
			);
			name = resource;
			sourceTree = "<group>";
		};
		105423881922D21100BD2D55 /* audio */ = {
			isa = PBXGroup;
			children = (
				105423891922D22100BD2D55 /* AudioListener.cpp */,
				1054238A1922D22100BD2D55 /* AudioListener.h */,
				1054238B1922D22100BD2D55 /* AudioManager.cpp */,
				1054238C1922D22100BD2D55 /* AudioManager.h */,
				1054238D1922D22100BD2D55 /* AudioSource.cpp */,
				1054238E1922D22100BD2D55 /* AudioSource.h */,
				105423921922D5E600BD2D55 /* AudioBuffer.h */,
				105423931922D74700BD2D55 /* AudioBuffer.cpp */,
			);
			name = audio;
			sourceTree = "<group>";
		};
		1059E6FB184AFBDA00416AD8 /* Frameworks */ = {
			isa = PBXGroup;
			children = (
				100594761872701100F5AB92 /* CoreGraphics.framework */,
				109E8967186E6B3D00E95E3B /* OpenGL.framework */,
				1059E6FC184AFBDA00416AD8 /* AEProfiling.framework */,
				1059E6FD184AFBDA00416AD8 /* AERegistration.framework */,
				1059E6FE184AFBDA00416AD8 /* AudioMixEngine.framework */,
				1059E701184AFBDA00416AD8 /* NyxAudioAnalysis.framework */,
				1059E702184AFBDA00416AD8 /* OpenAL.framework */,
				1059E703184AFBDA00416AD8 /* PluginManager.framework */,
				1059E704184AFBDA00416AD8 /* Python.framework */,
				1059E70C184AFBDA00416AD8 /* sndfile.framework */,
			);
			name = Frameworks;
			path = ../../../../../../../../Library/Frameworks;
			sourceTree = "<group>";
		};
		10783FDB190C09A900F0A88C /* physics */ = {
			isa = PBXGroup;
			children = (
				101A40A3191692B40087A1DB /* Collider.cpp */,
				101A40A4191692B40087A1DB /* Collider.h */,
				101A40A5191692B40087A1DB /* PhysicsEvents.h */,
				101A40A6191692B40087A1DB /* PhysicsParameter.h */,
				10783FDC190C09CD00F0A88C /* PhysicsManager.cpp */,
				10783FDD190C09CD00F0A88C /* PhysicsManager.h */,
				10783FDE190C09CD00F0A88C /* RigidBody.cpp */,
				10783FDF190C09CD00F0A88C /* RigidBody.h */,
			);
			name = physics;
			sourceTree = "<group>";
		};
		1080219C190CDC3500152A62 /* Bulletlibs */ = {
			isa = PBXGroup;
			children = (
				10877F46190C055F008F9076 /* libBulletCollision.a */,
				10877F47190C055F008F9076 /* libBulletDynamics.a */,
				10877F48190C055F008F9076 /* libBulletSoftBody.a */,
				10877F49190C055F008F9076 /* libLinearMath.a */,
			);
			name = Bulletlibs;
			sourceTree = "<group>";
		};
		10832D461932A99200C419A7 /* tools */ = {
			isa = PBXGroup;
			children = (
				10832D471932A99E00C419A7 /* procedural */,
			);
			name = tools;
			sourceTree = "<group>";
		};
		10832D471932A99E00C419A7 /* procedural */ = {
			isa = PBXGroup;
			children = (
				10832D4B1932AB2E00C419A7 /* stb_perlin.h */,
				10832D4C1932ABAB00C419A7 /* Perlin.h */,
			);
			name = procedural;
			sourceTree = "<group>";
		};
		10B94DA018DE5403002A53C9 /* gizmos */ = {
			isa = PBXGroup;
			children = (
				10783FE5190C0A8100F0A88C /* GizmoAxis.cpp */,
				10783FE6190C0A8100F0A88C /* GizmoAxis.h */,
				10783FE7190C0A8100F0A88C /* GizmoLine.cpp */,
				10783FE8190C0A8100F0A88C /* GizmoLine.h */,
				10B94DA118DE5421002A53C9 /* GizmoCube.cpp */,
				10B94DA218DE5421002A53C9 /* GizmoCube.h */,
				10B94DA318DE5421002A53C9 /* GizmoManager.cpp */,
				10B94DA418DE5421002A53C9 /* GizmoManager.h */,
				10B94DA518DE5421002A53C9 /* GizmoOperation.h */,
				10B94DA618DE5421002A53C9 /* GizmoSphere.cpp */,
				10B94DA718DE5421002A53C9 /* GizmoSphere.h */,
				10B94DA818DE5421002A53C9 /* GizmoType.h */,
				10B94DA918DE5421002A53C9 /* GizmoType.cpp */,
			);
			name = gizmos;
			sourceTree = "<group>";
		};
		10C2B85C1909EA0D0032EDDA /* mesh */ = {
			isa = PBXGroup;
			children = (
				10C2B85D1909EA240032EDDA /* Mesh.cpp */,
				10C2B85E1909EA240032EDDA /* Mesh.h */,
				10C2B85F1909EA240032EDDA /* MeshFactory.cpp */,
				10C2B8601909EA240032EDDA /* MeshFactory.h */,
				10C2B8611909EA240032EDDA /* MeshLoaderInterface.h */,
				10C2B8621909EA240032EDDA /* MeshLoaderOBJ.cpp */,
				10C2B8631909EA240032EDDA /* MeshLoaderOBJ.h */,
				10C2B8641909EA240032EDDA /* MeshManager.cpp */,
				10C2B8651909EA240032EDDA /* MeshManager.h */,
				10C2B8661909EA240032EDDA /* VertexAttrib.cpp */,
				10C2B8671909EA240032EDDA /* VertexAttrib.h */,
				10C2B8681909EA240032EDDA /* VertexBuffer.cpp */,
				10C2B8691909EA240032EDDA /* VertexBuffer.h */,
				10C2B86A1909EA240032EDDA /* VertexData.cpp */,
				10C2B86B1909EA240032EDDA /* VertexData.h */,
			);
			name = mesh;
			sourceTree = "<group>";
		};
		10C35F2E19092BC800BC19B2 /* texture */ = {
			isa = PBXGroup;
			children = (
				10C35F2F19092BD800BC19B2 /* Texture.cpp */,
				10C35F3019092BD800BC19B2 /* Texture.h */,
				10C35F3119092BD800BC19B2 /* TextureData.cpp */,
				10C35F3219092BD800BC19B2 /* TextureData.h */,
				10C35F3319092BD800BC19B2 /* TextureLoaderBMP.cpp */,
				10C35F3419092BD800BC19B2 /* TextureLoaderBMP.h */,
				10C35F3519092BD800BC19B2 /* TextureLoaderInterface.h */,
				10C35F3619092BD800BC19B2 /* TextureManager.cpp */,
				10C35F3719092BD800BC19B2 /* TextureManager.h */,
			);
			name = texture;
			sourceTree = "<group>";
		};
		10EC444E1878422700B48152 /* source */ = {
			isa = PBXGroup;
			children = (
				102760711A6B5B5F00639FBC /* external */,
				10832D461932A99200C419A7 /* tools */,
				105423881922D21100BD2D55 /* audio */,
				10EC444F1878422700B48152 /* core */,
				10EC44521878422700B48152 /* EpsilonCore.h */,
				10EC44531878422700B48152 /* error */,
				10EC44551878422700B48152 /* events */,
				10EC445C1878422700B48152 /* logging */,
				10EC445F1878422700B48152 /* main.cpp */,
				10EC44601878422700B48152 /* math */,
				10783FDB190C09A900F0A88C /* physics */,
				10EC44691878422700B48152 /* render */,
				104CC9AB18E0E73C00E85F16 /* resource */,
				10EC44811878422700B48152 /* scene */,
				10EC448D1878422700B48152 /* script */,
				10EC44AB1878422700B48152 /* tests */,
				10EC44AD1878422700B48152 /* ui */,
				10EC44B51878422700B48152 /* utilities */,
			);
			name = source;
			path = ../../source;
			sourceTree = SOURCE_ROOT;
		};
		10EC444F1878422700B48152 /* core */ = {
			isa = PBXGroup;
			children = (
				10D3B00318B625EF0041DBC5 /* InputManager.h */,
				10EC44501878422700B48152 /* EpsilonManager.cpp */,
				10EC44511878422700B48152 /* EpsilonManager.h */,
			);
			path = core;
			sourceTree = "<group>";
		};
		10EC44531878422700B48152 /* error */ = {
			isa = PBXGroup;
			children = (
				10EC44541878422700B48152 /* Exception.h */,
			);
			path = error;
			sourceTree = "<group>";
		};
		10EC44551878422700B48152 /* events */ = {
			isa = PBXGroup;
			children = (
				10EC44571878422700B48152 /* Event.h */,
				10EC44591878422700B48152 /* EventListener.h */,
				10EC445B1878422700B48152 /* EventManager.h */,
				10EC445A1878422700B48152 /* EventManager.cpp */,
			);
			path = events;
			sourceTree = "<group>";
		};
		10EC445C1878422700B48152 /* logging */ = {
			isa = PBXGroup;
			children = (
				10EC445D1878422700B48152 /* Logging.cpp */,
				10EC445E1878422700B48152 /* Logging.h */,
			);
			path = logging;
			sourceTree = "<group>";
		};
		10EC44601878422700B48152 /* math */ = {
			isa = PBXGroup;
			children = (
				10EC44611878422700B48152 /* Defines.h */,
				10EC44621878422700B48152 /* Matrix.cpp */,
				10EC44631878422700B48152 /* Matrix.h */,
				10EC44641878422700B48152 /* Quaternion.cpp */,
				10EC44651878422700B48152 /* Quaternion.h */,
				10EC44661878422700B48152 /* Rotation.h */,
				10EC44671878422700B48152 /* Vector.cpp */,
				10EC44681878422700B48152 /* Vector.h */,
			);
			path = math;
			sourceTree = "<group>";
		};
		10EC44691878422700B48152 /* render */ = {
			isa = PBXGroup;
			children = (
				10C2B85C1909EA0D0032EDDA /* mesh */,
				10C35F2E19092BC800BC19B2 /* texture */,
				10EC446A1878422700B48152 /* Camera.cpp */,
				10EC446B1878422700B48152 /* Camera.h */,
				10EC446C1878422700B48152 /* Colour.cpp */,
				10EC446D1878422700B48152 /* Colour.h */,
				10B94DA018DE5403002A53C9 /* gizmos */,
				10E0274118EB71FF002FEA14 /* Light.cpp */,
				10E0274018EB7185002FEA14 /* Light.h */,
				10FBE8F818E8CD3B00027082 /* material */,
				10EC44741878422700B48152 /* Renderer.cpp */,
				10EC44751878422700B48152 /* Renderer.h */,
				10EC44761878422700B48152 /* RenderManager.cpp */,
				10EC44771878422700B48152 /* RenderManager.h */,
				10B94DAA18DE5421002A53C9 /* RenderUtilities.h */,
			);
			path = render;
			sourceTree = "<group>";
		};
		10EC44811878422700B48152 /* scene */ = {
			isa = PBXGroup;
			children = (
				10EC44821878422700B48152 /* Node.cpp */,
				10EC44831878422700B48152 /* Node.h */,
				10EC44851878422700B48152 /* NodeComponent.h */,
				10EC44861878422700B48152 /* Object.h */,
				10EC44871878422700B48152 /* Scene.cpp */,
				10EC44881878422700B48152 /* Scene.h */,
				10EC44891878422700B48152 /* SceneManager.cpp */,
				10EC448A1878422700B48152 /* SceneManager.h */,
				10EC448B1878422700B48152 /* Transform.cpp */,
				10EC448C1878422700B48152 /* Transform.h */,
				10F5B19F18EBF1C900A2A9B9 /* SceneNode.h */,
				10F5B1A018EBF1D900A2A9B9 /* SceneNode.cpp */,
			);
			path = scene;
			sourceTree = "<group>";
		};
		10EC448D1878422700B48152 /* script */ = {
			isa = PBXGroup;
			children = (
				10EC448E1878422700B48152 /* python */,
				10EC44A11878422700B48152 /* PythonLogListener.h */,
				10EC44A21878422700B48152 /* Script.cpp */,
				10EC44A31878422700B48152 /* Script.h */,
				10EC44A41878422700B48152 /* ScriptBehaviour.cpp */,
				10EC44A51878422700B48152 /* ScriptBehaviour.h */,
				10EC44A61878422700B48152 /* ScriptCommon.h */,
				10EC44A71878422700B48152 /* ScriptEngineCore.cpp */,
				10EC44A81878422700B48152 /* ScriptEngineCore.h */,
				10EC44A91878422700B48152 /* ScriptManager.cpp */,
				10EC44AA1878422700B48152 /* ScriptManager.h */,
			);
			path = script;
			sourceTree = "<group>";
		};
		10EC448E1878422700B48152 /* python */ = {
			isa = PBXGroup;
			children = (
				10EC448F1878422700B48152 /* EventsModule.cpp */,
				10EC44901878422700B48152 /* EventsModule.h */,
				10EC44911878422700B48152 /* LoggingModule.cpp */,
				10EC44921878422700B48152 /* LoggingModule.h */,
				10EC44931878422700B48152 /* MainModule.cpp */,
				10EC44941878422700B48152 /* MainModule.h */,
				10EC44951878422700B48152 /* ManagerModule.cpp */,
				10EC44961878422700B48152 /* ManagerModule.h */,
				10EC44971878422700B48152 /* MathModule.cpp */,
				10EC44981878422700B48152 /* MathModule.h */,
				10783FE2190C09DB00F0A88C /* PhysicsModule.cpp */,
				10783FE3190C09DB00F0A88C /* PhysicsModule.h */,
				10EC44991878422700B48152 /* RenderModule.cpp */,
				10EC449A1878422700B48152 /* RenderModule.h */,
				10C1EA4D1902790A002EF7F4 /* ResourceModule.cpp */,
				10C1EA4C190278F7002EF7F4 /* ResourceModule.h */,
				10EC449B1878422700B48152 /* SceneModule.cpp */,
				10EC449C1878422700B48152 /* SceneModule.h */,
				10EC449D1878422700B48152 /* ScriptModule.cpp */,
				10EC449E1878422700B48152 /* ScriptModule.h */,
				10D3B00018B625900041DBC5 /* UIModule.cpp */,
				10D3B00118B625900041DBC5 /* UIModule.h */,
				10EC449F1878422700B48152 /* UtilitiesModule.cpp */,
				10EC44A01878422700B48152 /* UtilitiesModule.h */,
				10BCF19319242B810062F421 /* AudioModule.h */,
				10BCF19419242B900062F421 /* AudioModule.cpp */,
				10832D4D1932ADCE00C419A7 /* ToolsModule.h */,
				10832D4E1932ADDF00C419A7 /* ToolsModule.cpp */,
			);
			path = python;
			sourceTree = "<group>";
		};
		10EC44AB1878422700B48152 /* tests */ = {
			isa = PBXGroup;
			children = (
				10EC44AC1878422700B48152 /* pointerTests.cpp */,
			);
			path = tests;
			sourceTree = "<group>";
		};
		10EC44AD1878422700B48152 /* ui */ = {
			isa = PBXGroup;
			children = (
				1027606E1A6B5B2800639FBC /* RenderStatsWindow.cpp */,
				1027606F1A6B5B2800639FBC /* RenderStatsWindow.h */,
				10D3AFFD18B625790041DBC5 /* UIOverlay.h */,
				10EC44B21878422700B48152 /* UIManager.cpp */,
				10EC44B31878422700B48152 /* UIManager.h */,
				10EC44B41878422700B48152 /* UIWindow.h */,
			);
			path = ui;
			sourceTree = "<group>";
		};
		10EC44B51878422700B48152 /* utilities */ = {
			isa = PBXGroup;
			children = (
				10FBE90A18E8CD8600027082 /* HashedString.h */,
				10EC44B61878422700B48152 /* Utilities.h */,
			);
			path = utilities;
			sourceTree = "<group>";
		};
		10FBE8F818E8CD3B00027082 /* material */ = {
			isa = PBXGroup;
			children = (
				10EA6EAA1908A696001BFF5F /* ShaderUniform.cpp */,
				109E109B1904E31600537262 /* ShaderManager.cpp */,
				109E109C1904E31600537262 /* ShaderManager.h */,
				109E109D1904E31600537262 /* UniformBuffer.cpp */,
				109E109E1904E31600537262 /* UniformBuffer.h */,
				109BAFBA18F19225000F9C52 /* ShaderUniform.h */,
				10A88B0C18EAF178000D61AE /* MaterialManager.cpp */,
				10A88B0D18EAF178000D61AE /* MaterialManager.h */,
				10FBE8F918E8CD5400027082 /* Material.cpp */,
				10FBE8FA18E8CD5400027082 /* Material.h */,
				10FBE8FB18E8CD5400027082 /* Shader.cpp */,
				10FBE8FC18E8CD5400027082 /* Shader.h */,
				10FBE8FD18E8CD5400027082 /* ShaderStage.cpp */,
				10FBE8FE18E8CD5400027082 /* ShaderStage.h */,
				10FBE8FF18E8CD5400027082 /* ShaderUtilities.h */,
			);
			name = material;
			sourceTree = "<group>";
		};
/* End PBXGroup section */

/* Begin PBXNativeTarget section */
		101B1B6D1829E5990094A53D /* Epsilon */ = {
			isa = PBXNativeTarget;
			buildConfigurationList = 101B1B7A1829E5990094A53D /* Build configuration list for PBXNativeTarget "Epsilon" */;
			buildPhases = (
				101B1B6B1829E5990094A53D /* Sources */,
				101B1B6C1829E5990094A53D /* Frameworks */,
			);
			buildRules = (
			);
			dependencies = (
			);
			name = Epsilon;
			productName = Epsilon;
			productReference = 101B1B6E1829E5990094A53D /* Epsilon */;
			productType = "com.apple.product-type.tool";
		};
/* End PBXNativeTarget section */

/* Begin PBXProject section */
		101B1B671829E5990094A53D /* Project object */ = {
			isa = PBXProject;
			attributes = {
				LastUpgradeCheck = 0500;
				ORGANIZATIONNAME = "Scott Porter";
			};
			buildConfigurationList = 101B1B6A1829E5990094A53D /* Build configuration list for PBXProject "Epsilon" */;
			compatibilityVersion = "Xcode 3.2";
			developmentRegion = English;
			hasScannedForEncodings = 0;
			knownRegions = (
				en,
			);
			mainGroup = 101B1B661829E5990094A53D;
			productRefGroup = 101B1B6F1829E5990094A53D /* Products */;
			projectDirPath = "";
			projectRoot = "";
			targets = (
				101B1B6D1829E5990094A53D /* Epsilon */,
			);
		};
/* End PBXProject section */

/* Begin PBXSourcesBuildPhase section */
		101B1B6B1829E5990094A53D /* Sources */ = {
			isa = PBXSourcesBuildPhase;
			buildActionMask = 2147483647;
			files = (
				10C35F3919092BD800BC19B2 /* TextureData.cpp in Sources */,
				10E0274218EB71FF002FEA14 /* Light.cpp in Sources */,
				105423901922D22100BD2D55 /* AudioManager.cpp in Sources */,
				10F5B1A118EBF1D900A2A9B9 /* SceneNode.cpp in Sources */,
				109E10A01904E31600537262 /* UniformBuffer.cpp in Sources */,
				10EC44C11878422700B48152 /* Colour.cpp in Sources */,
				10EC44CD1878422700B48152 /* Scene.cpp in Sources */,
				10EC44CE1878422700B48152 /* SceneManager.cpp in Sources */,
				10783FE4190C09DB00F0A88C /* PhysicsModule.cpp in Sources */,
				10A88B0E18EAF178000D61AE /* MaterialManager.cpp in Sources */,
				10B94DAD18DE5421002A53C9 /* GizmoSphere.cpp in Sources */,
				10783FE0190C09CD00F0A88C /* PhysicsManager.cpp in Sources */,
				1027607F1A6B5B8300639FBC /* imgui.cpp in Sources */,
				10EC44DA1878422700B48152 /* ScriptBehaviour.cpp in Sources */,
				10C1EA4E1902790A002EF7F4 /* ResourceModule.cpp in Sources */,
				10EC44BD1878422700B48152 /* Matrix.cpp in Sources */,
				10EC44DD1878422700B48152 /* pointerTests.cpp in Sources */,
				10EC44C01878422700B48152 /* Camera.cpp in Sources */,
				10EC44D11878422700B48152 /* LoggingModule.cpp in Sources */,
				105423911922D22100BD2D55 /* AudioSource.cpp in Sources */,
				10EC44D81878422700B48152 /* UtilitiesModule.cpp in Sources */,
				10EC44C51878422700B48152 /* Renderer.cpp in Sources */,
				10B94DAC18DE5421002A53C9 /* GizmoManager.cpp in Sources */,
				10EC44D51878422700B48152 /* RenderModule.cpp in Sources */,
				10C2B86C1909EA240032EDDA /* Mesh.cpp in Sources */,
				10EC44DB1878422700B48152 /* ScriptEngineCore.cpp in Sources */,
				10C2B8711909EA240032EDDA /* VertexBuffer.cpp in Sources */,
				10783FEA190C0A8100F0A88C /* GizmoLine.cpp in Sources */,
				10B94DAE18DE5421002A53C9 /* GizmoType.cpp in Sources */,
				10BCF19519242B900062F421 /* AudioModule.cpp in Sources */,
				10FBE90918E8CD6A00027082 /* ResourceType.cpp in Sources */,
				10783FE1190C09CD00F0A88C /* RigidBody.cpp in Sources */,
				10EC44E01878422700B48152 /* UIManager.cpp in Sources */,
				10EC44BC1878422700B48152 /* main.cpp in Sources */,
				10EC44D71878422700B48152 /* ScriptModule.cpp in Sources */,
				104CC9AE18E0E84500E85F16 /* ResourceManager.cpp in Sources */,
				10D3B00218B625900041DBC5 /* UIModule.cpp in Sources */,
				10C2B86D1909EA240032EDDA /* MeshFactory.cpp in Sources */,
				10EC44BA1878422700B48152 /* EventManager.cpp in Sources */,
				10EC44D41878422700B48152 /* MathModule.cpp in Sources */,
				10C2B86F1909EA240032EDDA /* MeshManager.cpp in Sources */,
				10B94DAB18DE5421002A53C9 /* GizmoCube.cpp in Sources */,
				10EC44D01878422700B48152 /* EventsModule.cpp in Sources */,
				10EC44D61878422700B48152 /* SceneModule.cpp in Sources */,
				10C35F3B19092BD800BC19B2 /* TextureManager.cpp in Sources */,
				10EC44D31878422700B48152 /* ManagerModule.cpp in Sources */,
				10FBE90818E8CD6A00027082 /* Resource.cpp in Sources */,
				10783FE9190C0A8100F0A88C /* GizmoAxis.cpp in Sources */,
				10BF7F6F1A77AD4C00C0E8EC /* ResourcePath.cpp in Sources */,
				10832D4F1932ADDF00C419A7 /* ToolsModule.cpp in Sources */,
				10EC44D21878422700B48152 /* MainModule.cpp in Sources */,
				10C2B8701909EA240032EDDA /* VertexAttrib.cpp in Sources */,
				105423941922D74700BD2D55 /* AudioBuffer.cpp in Sources */,
				10C2B8721909EA240032EDDA /* VertexData.cpp in Sources */,
				10EC44D91878422700B48152 /* Script.cpp in Sources */,
				10C2B86E1909EA240032EDDA /* MeshLoaderOBJ.cpp in Sources */,
				10C35F3A19092BD800BC19B2 /* TextureLoaderBMP.cpp in Sources */,
				10C35F3819092BD800BC19B2 /* Texture.cpp in Sources */,
				101A40A7191692B40087A1DB /* Collider.cpp in Sources */,
				10EC44DC1878422700B48152 /* ScriptManager.cpp in Sources */,
				10EC44BF1878422700B48152 /* Vector.cpp in Sources */,
				10FBE90218E8CD5400027082 /* ShaderStage.cpp in Sources */,
				10EC44CB1878422700B48152 /* Node.cpp in Sources */,
				102760701A6B5B2800639FBC /* RenderStatsWindow.cpp in Sources */,
				1054238F1922D22100BD2D55 /* AudioListener.cpp in Sources */,
				109E109F1904E31600537262 /* ShaderManager.cpp in Sources */,
				10EC44CF1878422700B48152 /* Transform.cpp in Sources */,
				10EC44BE1878422700B48152 /* Quaternion.cpp in Sources */,
				10FBE90018E8CD5400027082 /* Material.cpp in Sources */,
				10EC44C61878422700B48152 /* RenderManager.cpp in Sources */,
				10FBE90118E8CD5400027082 /* Shader.cpp in Sources */,
				10EA6EAB1908A696001BFF5F /* ShaderUniform.cpp in Sources */,
				10EC44BB1878422700B48152 /* Logging.cpp in Sources */,
				10EC44B71878422700B48152 /* EpsilonManager.cpp in Sources */,
			);
			runOnlyForDeploymentPostprocessing = 0;
		};
/* End PBXSourcesBuildPhase section */

/* Begin XCBuildConfiguration section */
		101B1B781829E5990094A53D /* Debug */ = {
			isa = XCBuildConfiguration;
			buildSettings = {
				ARCHS = "$(ARCHS_STANDARD_64_BIT)";
				CLANG_CXX_LANGUAGE_STANDARD = "c++0x";
				CLANG_CXX_LIBRARY = "libc++";
				CLANG_ENABLE_MODULES = YES;
				CLANG_WARN_EMPTY_BODY = YES;
				CLANG_WARN__DUPLICATE_METHOD_MATCH = YES;
				CONFIGURATION_BUILD_DIR = "../../build/OSX/$(CONFIGURATION)$(EFFECTIVE_PLATFORM_NAME)";
				CONFIGURATION_TEMP_DIR = "../../build/OSX/$(CONFIGURATION)$(EFFECTIVE_PLATFORM_NAME)";
				FRAMEWORK_SEARCH_PATHS = "$(inherited)";
				GCC_OPTIMIZATION_LEVEL = 0;
				GCC_PREPROCESSOR_DEFINITIONS = (
					"DEBUG=1",
					"$(inherited)",
				);
				GCC_VERSION = com.apple.compilers.llvm.clang.1_0;
				GCC_WARN_ABOUT_RETURN_TYPE = YES;
				GCC_WARN_UNINITIALIZED_AUTOS = YES;
				GCC_WARN_UNUSED_VARIABLE = YES;
				HEADER_SEARCH_PATHS = (
					"/usr/local/include/**",
					"$(inherited)",
					"$(SRCROOT)/../../source/",
					"/Users/scottporter/Development/Resources/c++/boost_1_57_0",
					/Library/Frameworks/Python.framework/Headers,
					"/Users/scottporter/Development/Resources/c_libs/C++/tbb/include",
					"/Users/scottporter/Development/Resources/c_libs/C++/glew-1.10.0/include",
					"/Users/scottporter/Development/Resources/c_libs/C++/bullet-2.82-r2704/src",
					"/Users/scottporter/Development/Resources/c_libs/C++/glm",
					"/Users/scottporter/Development/Resources/c_libs/C++/SFML-2.2-osx-clang-universal/include",
				);
				LIBRARY_SEARCH_PATHS = (
					"/Users/scottporter/Development/Resources/c_libs/C++/tbb/lib",
					"/Users/scottporter/Development/Resources/c_libs/C++/glew-1.10.0/lib",
					"/Users/scottporter/Development/Resources/c++/boost_1_57_0/stage/lib",
					"/Users/scottporter/Development/Resources/c_libs/C++/SFML-2.2-osx-clang-universal/lib",
				);
				ONLY_ACTIVE_ARCH = YES;
				OTHER_CPLUSPLUSFLAGS = (
					"$(OTHER_CFLAGS)",
					"-D__gl3_h_",
				);
				OTHER_LDFLAGS = (
					"$(inherited)",
					"$(SFML_SYSTEM)",
					"$(SFML_WINDOW)",
					"$(SFML_GRAPHICS)",
					"$(SFML_AUDIO)",
					"$(SFML_NETWORK)",
					"-lGLEW",
					"-lboost_python",
					"-lboost_filesystem",
					"-lboost_system",
					"-ltbb_debug",
				);
				SDKROOT = macosx;
				SFML_AUDIO = "$(SFML_LINK_PREFIX)sfml-audio$(SFML_LINK_SUFFIX)";
				SFML_BINARY_TYPE = "";
				SFML_GRAPHICS = "$(SFML_LINK_PREFIX)sfml-graphics$(SFML_LINK_SUFFIX)";
				SFML_LINK_DYLIBS_PREFIX = "-l";
				SFML_LINK_DYLIBS_SUFFIX = "-d";
				SFML_LINK_FRAMEWORKS_PREFIX = "";
				SFML_LINK_FRAMEWORKS_SUFFIX = "";
				SFML_LINK_PREFIX = "$(SFML_LINK_DYLIBS_PREFIX)";
				SFML_LINK_SUFFIX = "$(SFML_LINK_DYLIBS_SUFFIX)";
				SFML_NETWORK = "$(SFML_LINK_PREFIX) sfml-network$(SFML_LINK_SUFFIX)";
				SFML_SYSTEM = "$(SFML_LINK_PREFIX)sfml-system$(SFML_LINK_SUFFIX)";
				SFML_WINDOW = "$(SFML_LINK_PREFIX)sfml-window$(SFML_LINK_SUFFIX)";
				SUPPORTED_PLATFORMS = macosx;
				VALID_ARCHS = "i386 x86_64";
			};
			name = Debug;
		};
		101B1B791829E5990094A53D /* Release */ = {
			isa = XCBuildConfiguration;
			buildSettings = {
				ARCHS = "$(ARCHS_STANDARD_64_BIT)";
				CLANG_CXX_LANGUAGE_STANDARD = "c++0x";
				CLANG_CXX_LIBRARY = "libc++";
				CLANG_ENABLE_MODULES = YES;
				CLANG_WARN_EMPTY_BODY = YES;
				CLANG_WARN__DUPLICATE_METHOD_MATCH = YES;
				CONFIGURATION_BUILD_DIR = "../../build/OSX/$(CONFIGURATION)$(EFFECTIVE_PLATFORM_NAME)";
				CONFIGURATION_TEMP_DIR = "../../build/OSX/$(CONFIGURATION)$(EFFECTIVE_PLATFORM_NAME)";
				COPY_PHASE_STRIP = YES;
				FRAMEWORK_SEARCH_PATHS = "$(inherited)";
				GCC_VERSION = com.apple.compilers.llvm.clang.1_0;
				GCC_WARN_ABOUT_RETURN_TYPE = YES;
				GCC_WARN_UNINITIALIZED_AUTOS = YES;
				GCC_WARN_UNUSED_VARIABLE = YES;
				HEADER_SEARCH_PATHS = (
					"/usr/local/include/**",
					"$(inherited)",
					"$(SRCROOT)/../../source/",
					"/Users/scottporter/Development/Resources/c_libs/C++/glm",
					"/Users/scottporter/Development/Resources/c_libs/C++/boost_1_55_0",
					/Library/Frameworks/Python.framework/Headers,
					"/Users/scottporter/Development/Resources/c_libs/C++/tbb/include",
					"/Users/scottporter/Development/Resources/c_libs/C++/glew-1.10.0/include",
					"/Users/scottporter/Development/Resources/c_libs/C++/bullet-2.82-r2704/src",
					"/Users/scottporter/Development/Resources/c_libs/C++/SFML-2.2-osx-clang-universal/include",
				);
				LIBRARY_SEARCH_PATHS = (
					"/Users/scottporter/Development/Resources/c_libs/C++/tbb/lib",
					"/Users/scottporter/Development/Resources/c_libs/C++/glew-1.10.0/lib",
					"/Users/scottporter/Development/Resources/c++/boost_1_57_0/stage/lib",
					"/Users/scottporter/Development/Resources/c_libs/C++/SFML-2.2-osx-clang-universal/lib",
				);
				ONLY_ACTIVE_ARCH = NO;
				OTHER_CPLUSPLUSFLAGS = (
					"$(OTHER_CFLAGS)",
					"-D__gl3_h_",
				);
				OTHER_LDFLAGS = (
					"$(inherited)",
					"$(SFML_SYSTEM)",
					"$(SFML_WINDOW)",
					"$(SFML_GRAPHICS)",
					"$(SFML_AUDIO)",
					"$(SFML_NETWORK)",
					"-ltbb",
					"-lGLEW",
					"-lboost_python",
					"-lboost_filesystem",
					"-lboost_system",
				);
				SDKROOT = macosx;
				SFML_AUDIO = "$(SFML_LINK_PREFIX)sfml-audio$(SFML_LINK_SUFFIX)";
				SFML_BINARY_TYPE = "";
				SFML_GRAPHICS = "$(SFML_LINK_PREFIX)sfml-graphics$(SFML_LINK_SUFFIX)";
				SFML_LINK_DYLIBS_PREFIX = "-l";
				SFML_LINK_DYLIBS_SUFFIX = "";
				SFML_LINK_FRAMEWORKS_PREFIX = "";
				SFML_LINK_FRAMEWORKS_SUFFIX = "";
				SFML_LINK_PREFIX = "$(SFML_LINK_DYLIBS_PREFIX)";
				SFML_LINK_SUFFIX = "$(SFML_LINK_$(SFML_BINARY_TYPE)_SUFFIX)";
				SFML_NETWORK = "$(SFML_LINK_PREFIX) sfml-network$(SFML_LINK_SUFFIX)";
				SFML_SYSTEM = "$(SFML_LINK_PREFIX)sfml-system$(SFML_LINK_SUFFIX)";
				SFML_WINDOW = "$(SFML_LINK_PREFIX)sfml-window$(SFML_LINK_SUFFIX)";
				SUPPORTED_PLATFORMS = macosx;
				VALID_ARCHS = "i386 x86_64";
			};
			name = Release;
		};
		101B1B7B1829E5990094A53D /* Debug */ = {
			isa = XCBuildConfiguration;
			buildSettings = {
				FRAMEWORK_SEARCH_PATHS = (
					"$(inherited)",
					"$(LOCAL_LIBRARY_DIR)/Frameworks",
				);
				LIBRARY_SEARCH_PATHS = (
					"$(inherited)",
					"/Users/scottporter/Development/Resources/c_libs/C++/bullet-2.82-r2704/src/BulletCollision/Debug",
					"/Users/scottporter/Development/Resources/c_libs/C++/bullet-2.82-r2704/src/BulletDynamics/Debug",
					"/Users/scottporter/Development/Resources/c_libs/C++/bullet-2.82-r2704/src/BulletSoftBody/Debug",
					"/Users/scottporter/Development/Resources/c_libs/C++/bullet-2.82-r2704/src/LinearMath/Debug",
				);
				PRODUCT_NAME = "$(TARGET_NAME)";
			};
			name = Debug;
		};
		101B1B7C1829E5990094A53D /* Release */ = {
			isa = XCBuildConfiguration;
			buildSettings = {
				FRAMEWORK_SEARCH_PATHS = (
					"$(inherited)",
					"$(LOCAL_LIBRARY_DIR)/Frameworks",
				);
				LIBRARY_SEARCH_PATHS = (
					"$(inherited)",
					"/Users/scottporter/Development/Resources/c_libs/C++/bullet-2.82-r2704/src/BulletCollision/Debug",
					"/Users/scottporter/Development/Resources/c_libs/C++/bullet-2.82-r2704/src/BulletDynamics/Debug",
					"/Users/scottporter/Development/Resources/c_libs/C++/bullet-2.82-r2704/src/BulletSoftBody/Debug",
					"/Users/scottporter/Development/Resources/c_libs/C++/bullet-2.82-r2704/src/LinearMath/Debug",
				);
				PRODUCT_NAME = "$(TARGET_NAME)";
			};
			name = Release;
		};
/* End XCBuildConfiguration section */

/* Begin XCConfigurationList section */
		101B1B6A1829E5990094A53D /* Build configuration list for PBXProject "Epsilon" */ = {
			isa = XCConfigurationList;
			buildConfigurations = (
				101B1B781829E5990094A53D /* Debug */,
				101B1B791829E5990094A53D /* Release */,
			);
			defaultConfigurationIsVisible = 0;
			defaultConfigurationName = Release;
		};
		101B1B7A1829E5990094A53D /* Build configuration list for PBXNativeTarget "Epsilon" */ = {
			isa = XCConfigurationList;
			buildConfigurations = (
				101B1B7B1829E5990094A53D /* Debug */,
				101B1B7C1829E5990094A53D /* Release */,
			);
			defaultConfigurationIsVisible = 0;
			defaultConfigurationName = Release;
		};
/* End XCConfigurationList section */
	};
	rootObject = 101B1B671829E5990094A53D /* Project object */;
}
