<?xml version="1.0" encoding="utf-8"?>
<Project ToolsVersion="4.0" xmlns="http://schemas.microsoft.com/developer/msbuild/2003">
  <ItemGroup>
    <Filter Include="Source Files">
      <UniqueIdentifier>{4FC737F1-C7A5-4376-A066-2A32D752A2FF}</UniqueIdentifier>
      <Extensions>cpp;c;cc;cxx;def;odl;idl;hpj;bat;asm;asmx</Extensions>
    </Filter>
    <Filter Include="Header Files">
      <UniqueIdentifier>{93995380-89BD-4b04-88EB-625FBE52EBFB}</UniqueIdentifier>
      <Extensions>h;hpp;hxx;hm;inl;inc;xsd</Extensions>
    </Filter>
    <Filter Include="Resource Files">
      <UniqueIdentifier>{67DA6AB6-F800-4c08-8B7A-83BB121AAD01}</UniqueIdentifier>
      <Extensions>rc;ico;cur;bmp;dlg;rc2;rct;bin;rgs;gif;jpg;jpeg;jpe;resx;tiff;tif;png;wav;mfcribbon-ms</Extensions>
    </Filter>
    <Filter Include="Header Files\core">
      <UniqueIdentifier>{d6f23c25-cc18-4bee-a421-4c704d718b02}</UniqueIdentifier>
    </Filter>
    <Filter Include="Header Files\events">
      <UniqueIdentifier>{279cd380-6165-408f-97c4-26c9d4fbb27f}</UniqueIdentifier>
    </Filter>
    <Filter Include="Header Files\logging">
      <UniqueIdentifier>{636ea281-a901-431f-acc0-205df074c7a9}</UniqueIdentifier>
    </Filter>
    <Filter Include="Header Files\math">
      <UniqueIdentifier>{ca60a078-b679-4457-b4e3-a47f022d2fe7}</UniqueIdentifier>
    </Filter>
    <Filter Include="Header Files\render">
      <UniqueIdentifier>{872bc03c-0287-4f94-83a9-89e7b795f988}</UniqueIdentifier>
    </Filter>
    <Filter Include="Header Files\scene">
      <UniqueIdentifier>{bd8af276-7605-489a-bb8f-7ee34c8d873a}</UniqueIdentifier>
    </Filter>
    <Filter Include="Header Files\ui">
      <UniqueIdentifier>{950e991e-f0a5-44ac-86c9-5f72e23ddebd}</UniqueIdentifier>
    </Filter>
    <Filter Include="Header Files\utilities">
      <UniqueIdentifier>{a7ed04cb-46a0-4000-a8ec-83e2f3cae9a3}</UniqueIdentifier>
    </Filter>
    <Filter Include="Source Files\core">
      <UniqueIdentifier>{ba454330-7013-42ef-839a-a4dbaee635ce}</UniqueIdentifier>
    </Filter>
    <Filter Include="Source Files\events">
      <UniqueIdentifier>{dd7ed0ef-a2f8-4967-b99b-f70355ce4fc4}</UniqueIdentifier>
    </Filter>
    <Filter Include="Source Files\logging">
      <UniqueIdentifier>{3a493f12-1a78-4f54-93f6-7c9108fd0a32}</UniqueIdentifier>
    </Filter>
    <Filter Include="Source Files\math">
      <UniqueIdentifier>{acb379ca-2a3e-463f-b135-7cb9b433547e}</UniqueIdentifier>
    </Filter>
    <Filter Include="Source Files\render">
      <UniqueIdentifier>{beb72bee-86a6-4b69-a69e-b42aac1496f6}</UniqueIdentifier>
    </Filter>
    <Filter Include="Source Files\scene">
      <UniqueIdentifier>{afa7a2c8-b107-4ca6-85ad-20666f3bf884}</UniqueIdentifier>
    </Filter>
    <Filter Include="Source Files\ui">
      <UniqueIdentifier>{e53e0504-5c34-4844-a612-0f3a8a3b545d}</UniqueIdentifier>
    </Filter>
    <Filter Include="Source Files\tests">
      <UniqueIdentifier>{1672800d-7a8f-43af-93d4-1068c4cd42c4}</UniqueIdentifier>
    </Filter>
    <Filter Include="Header Files\script">
      <UniqueIdentifier>{c8570b76-3939-426b-ae4a-e4b4b9fca734}</UniqueIdentifier>
    </Filter>
    <Filter Include="Source Files\script">
      <UniqueIdentifier>{41896f6e-d07f-4d63-bb89-4d7a357f6028}</UniqueIdentifier>
    </Filter>
    <Filter Include="Header Files\script\python">
      <UniqueIdentifier>{1782f872-4618-4b71-97c8-c3e79af0dd2e}</UniqueIdentifier>
    </Filter>
    <Filter Include="Source Files\script\python">
      <UniqueIdentifier>{6f8eebe5-f1d7-4da9-bb52-90e93aea8768}</UniqueIdentifier>
    </Filter>
  </ItemGroup>
  <ItemGroup>
    <ClInclude Include="..\include\EpsilonCore.h">
      <Filter>Header Files</Filter>
    </ClInclude>
    <ClInclude Include="..\include\ResourcePath.hpp">
      <Filter>Header Files</Filter>
    </ClInclude>
    <ClInclude Include="..\include\core\EpsilonManager.h">
      <Filter>Header Files\core</Filter>
    </ClInclude>
    <ClInclude Include="..\include\events\Event.h">
      <Filter>Header Files\events</Filter>
    </ClInclude>
    <ClInclude Include="..\include\events\EventManager.h">
      <Filter>Header Files\events</Filter>
    </ClInclude>
    <ClInclude Include="..\include\logging\Logging.h">
      <Filter>Header Files\logging</Filter>
    </ClInclude>
    <ClInclude Include="..\include\math\Defines.h">
      <Filter>Header Files\math</Filter>
    </ClInclude>
    <ClInclude Include="..\include\math\Matrix.h">
      <Filter>Header Files\math</Filter>
    </ClInclude>
    <ClInclude Include="..\include\math\Quaternion.h">
      <Filter>Header Files\math</Filter>
    </ClInclude>
    <ClInclude Include="..\include\math\Rotation.h">
      <Filter>Header Files\math</Filter>
    </ClInclude>
    <ClInclude Include="..\include\math\Vector.h">
      <Filter>Header Files\math</Filter>
    </ClInclude>
    <ClInclude Include="..\include\render\Camera.h">
      <Filter>Header Files\render</Filter>
    </ClInclude>
    <ClInclude Include="..\include\render\Mesh.h">
      <Filter>Header Files\render</Filter>
    </ClInclude>
    <ClInclude Include="..\include\render\MeshFactory.h">
      <Filter>Header Files\render</Filter>
    </ClInclude>
    <ClInclude Include="..\include\render\Renderer.h">
      <Filter>Header Files\render</Filter>
    </ClInclude>
    <ClInclude Include="..\include\render\RenderManager.h">
      <Filter>Header Files\render</Filter>
    </ClInclude>
    <ClInclude Include="..\include\render\Shader.h">
      <Filter>Header Files\render</Filter>
    </ClInclude>
    <ClInclude Include="..\include\render\VertexBuffer.h">
      <Filter>Header Files\render</Filter>
    </ClInclude>
    <ClInclude Include="..\include\scene\Node.h">
      <Filter>Header Files\scene</Filter>
    </ClInclude>
    <ClInclude Include="..\include\scene\NodeComponent.h">
      <Filter>Header Files\scene</Filter>
    </ClInclude>
    <ClInclude Include="..\include\scene\Object.h">
      <Filter>Header Files\scene</Filter>
    </ClInclude>
    <ClInclude Include="..\include\scene\Scene.h">
      <Filter>Header Files\scene</Filter>
    </ClInclude>
    <ClInclude Include="..\include\scene\SceneManager.h">
      <Filter>Header Files\scene</Filter>
    </ClInclude>
    <ClInclude Include="..\include\scene\Transform.h">
      <Filter>Header Files\scene</Filter>
    </ClInclude>
    <ClInclude Include="..\include\ui\ConsoleWindow.h">
      <Filter>Header Files\ui</Filter>
    </ClInclude>
    <ClInclude Include="..\include\ui\DebugWindow.h">
      <Filter>Header Files\ui</Filter>
    </ClInclude>
    <ClInclude Include="..\include\ui\UIManager.h">
      <Filter>Header Files\ui</Filter>
    </ClInclude>
    <ClInclude Include="..\include\ui\UIWindow.h">
      <Filter>Header Files\ui</Filter>
    </ClInclude>
    <ClInclude Include="..\include\utilities\Utilities.h">
      <Filter>Header Files\utilities</Filter>
    </ClInclude>
    <ClInclude Include="..\include\render\VertexAttrib.h">
      <Filter>Header Files\render</Filter>
    </ClInclude>
    <ClInclude Include="..\include\render\VertexData.h">
      <Filter>Header Files\render</Filter>
    </ClInclude>
    <ClInclude Include="..\include\script\ScriptManager.h">
      <Filter>Header Files\script</Filter>
    </ClInclude>
    <ClInclude Include="..\include\script\Script.h">
      <Filter>Header Files\script</Filter>
    </ClInclude>
    <ClInclude Include="..\include\script\ScriptCommon.h">
      <Filter>Header Files\script</Filter>
    </ClInclude>
    <ClInclude Include="..\include\script\ScriptBehaviour.h">
      <Filter>Header Files\script</Filter>
    </ClInclude>
    <ClInclude Include="..\include\script\python\SceneModule.h">
      <Filter>Header Files\script\python</Filter>
    </ClInclude>
    <ClInclude Include="..\include\script\python\MathModule.h">
      <Filter>Header Files\script\python</Filter>
    </ClInclude>
    <ClInclude Include="..\include\script\python\MainModule.h">
      <Filter>Header Files\script\python</Filter>
    </ClInclude>
    <ClInclude Include="..\include\script\python\RenderModule.h">
      <Filter>Header Files\script\python</Filter>
    </ClInclude>
    <ClInclude Include="..\include\script\python\ManagerModule.h">
      <Filter>Header Files\script\python</Filter>
    </ClInclude>
  </ItemGroup>
  <ItemGroup>
    <ClCompile Include="..\source\core\EpsilonManager.cpp">
      <Filter>Source Files\core</Filter>
    </ClCompile>
    <ClCompile Include="..\source\events\Event.cpp">
      <Filter>Source Files\events</Filter>
    </ClCompile>
    <ClCompile Include="..\source\events\EventManager.cpp">
      <Filter>Source Files\events</Filter>
    </ClCompile>
    <ClCompile Include="..\source\logging\Logging.cpp">
      <Filter>Source Files\logging</Filter>
    </ClCompile>
    <ClCompile Include="..\source\math\Matrix.cpp">
      <Filter>Source Files\math</Filter>
    </ClCompile>
    <ClCompile Include="..\source\math\Quaternion.cpp">
      <Filter>Source Files\math</Filter>
    </ClCompile>
    <ClCompile Include="..\source\math\Vector.cpp">
      <Filter>Source Files\math</Filter>
    </ClCompile>
    <ClCompile Include="..\source\render\Camera.cpp">
      <Filter>Source Files\render</Filter>
    </ClCompile>
    <ClCompile Include="..\source\render\Mesh.cpp">
      <Filter>Source Files\render</Filter>
    </ClCompile>
    <ClCompile Include="..\source\render\MeshFactory.cpp">
      <Filter>Source Files\render</Filter>
    </ClCompile>
    <ClCompile Include="..\source\render\Renderer.cpp">
      <Filter>Source Files\render</Filter>
    </ClCompile>
    <ClCompile Include="..\source\render\RenderManager.cpp">
      <Filter>Source Files\render</Filter>
    </ClCompile>
    <ClCompile Include="..\source\render\Shader.cpp">
      <Filter>Source Files\render</Filter>
    </ClCompile>
    <ClCompile Include="..\source\scene\Node.cpp">
      <Filter>Source Files\scene</Filter>
    </ClCompile>
    <ClCompile Include="..\source\scene\Scene.cpp">
      <Filter>Source Files\scene</Filter>
    </ClCompile>
    <ClCompile Include="..\source\scene\SceneManager.cpp">
      <Filter>Source Files\scene</Filter>
    </ClCompile>
    <ClCompile Include="..\source\scene\Transform.cpp">
      <Filter>Source Files\scene</Filter>
    </ClCompile>
    <ClCompile Include="..\source\ui\ConsoleWindow.cpp">
      <Filter>Source Files\ui</Filter>
    </ClCompile>
    <ClCompile Include="..\source\ui\DebugWindow.cpp">
      <Filter>Source Files\ui</Filter>
    </ClCompile>
    <ClCompile Include="..\source\ui\UIManager.cpp">
      <Filter>Source Files\ui</Filter>
    </ClCompile>
    <ClCompile Include="..\source\tests\pointerTests.cpp">
      <Filter>Source Files\tests</Filter>
    </ClCompile>
    <ClCompile Include="..\source\main.cpp">
      <Filter>Source Files</Filter>
    </ClCompile>
    <ClCompile Include="..\source\render\VertexData.cpp">
      <Filter>Source Files\render</Filter>
    </ClCompile>
    <ClCompile Include="..\source\script\ScriptManager.cpp">
      <Filter>Source Files\script</Filter>
    </ClCompile>
    <ClCompile Include="..\source\script\Script.cpp">
      <Filter>Source Files\script</Filter>
    </ClCompile>
    <ClCompile Include="..\source\script\ScriptBehaviour.cpp">
      <Filter>Source Files\script</Filter>
    </ClCompile>
    <ClCompile Include="..\source\script\python\MathModule.cpp">
      <Filter>Source Files\script\python</Filter>
    </ClCompile>
    <ClCompile Include="..\source\script\python\MainModule.cpp">
      <Filter>Source Files\script\python</Filter>
    </ClCompile>
    <ClCompile Include="..\source\script\python\SceneModule.cpp">
      <Filter>Source Files\script\python</Filter>
    </ClCompile>
    <ClCompile Include="..\source\script\python\RenderModule.cpp">
      <Filter>Source Files\script\python</Filter>
    </ClCompile>
    <ClCompile Include="..\source\script\python\ManagerModule.cpp">
      <Filter>Source Files\script\python</Filter>
    </ClCompile>
  </ItemGroup>
</Project>