<?xml version="1.0" encoding="utf-8"?>
<Project ToolsVersion="4.0" xmlns="http://schemas.microsoft.com/developer/msbuild/2003">
  <ItemGroup>
    <Filter Include="Source Files">
      <UniqueIdentifier>{4FC737F1-C7A5-4376-A066-2A32D752A2FF}</UniqueIdentifier>
      <Extensions>cpp;c;cc;cxx;def;odl;idl;hpj;bat;asm;asmx</Extensions>
    </Filter>
    <Filter Include="Resource Files">
      <UniqueIdentifier>{67DA6AB6-F800-4c08-8B7A-83BB121AAD01}</UniqueIdentifier>
      <Extensions>rc;ico;cur;bmp;dlg;rc2;rct;bin;rgs;gif;jpg;jpeg;jpe;resx;tiff;tif;png;wav;mfcribbon-ms</Extensions>
    </Filter>
    <Filter Include="Source Files\core">
      <UniqueIdentifier>{ba454330-7013-42ef-839a-a4dbaee635ce}</UniqueIdentifier>
    </Filter>
    <Filter Include="Source Files\events">
      <UniqueIdentifier>{dd7ed0ef-a2f8-4967-b99b-f70355ce4fc4}</UniqueIdentifier>
    </Filter>
    <Filter Include="Source Files\logging">
      <UniqueIdentifier>{3a493f12-1a78-4f54-93f6-7c9108fd0a32}</UniqueIdentifier>
    </Filter>
    <Filter Include="Source Files\math">
      <UniqueIdentifier>{acb379ca-2a3e-463f-b135-7cb9b433547e}</UniqueIdentifier>
    </Filter>
    <Filter Include="Source Files\render">
      <UniqueIdentifier>{beb72bee-86a6-4b69-a69e-b42aac1496f6}</UniqueIdentifier>
    </Filter>
    <Filter Include="Source Files\scene">
      <UniqueIdentifier>{afa7a2c8-b107-4ca6-85ad-20666f3bf884}</UniqueIdentifier>
    </Filter>
    <Filter Include="Source Files\ui">
      <UniqueIdentifier>{e53e0504-5c34-4844-a612-0f3a8a3b545d}</UniqueIdentifier>
    </Filter>
    <Filter Include="Source Files\tests">
      <UniqueIdentifier>{1672800d-7a8f-43af-93d4-1068c4cd42c4}</UniqueIdentifier>
    </Filter>
    <Filter Include="Source Files\script">
      <UniqueIdentifier>{41896f6e-d07f-4d63-bb89-4d7a357f6028}</UniqueIdentifier>
    </Filter>
    <Filter Include="Source Files\script\python">
      <UniqueIdentifier>{6f8eebe5-f1d7-4da9-bb52-90e93aea8768}</UniqueIdentifier>
    </Filter>
    <Filter Include="Source Files\utilities">
      <UniqueIdentifier>{55ca7ebc-49c2-4226-8e30-1de39a501c77}</UniqueIdentifier>
    </Filter>
  </ItemGroup>
  <ItemGroup>
    <ClCompile Include="..\source\core\EpsilonManager.cpp">
      <Filter>Source Files\core</Filter>
    </ClCompile>
    <ClCompile Include="..\source\events\Event.cpp">
      <Filter>Source Files\events</Filter>
    </ClCompile>
    <ClCompile Include="..\source\events\EventManager.cpp">
      <Filter>Source Files\events</Filter>
    </ClCompile>
    <ClCompile Include="..\source\logging\Logging.cpp">
      <Filter>Source Files\logging</Filter>
    </ClCompile>
    <ClCompile Include="..\source\math\Matrix.cpp">
      <Filter>Source Files\math</Filter>
    </ClCompile>
    <ClCompile Include="..\source\math\Quaternion.cpp">
      <Filter>Source Files\math</Filter>
    </ClCompile>
    <ClCompile Include="..\source\math\Vector.cpp">
      <Filter>Source Files\math</Filter>
    </ClCompile>
    <ClCompile Include="..\source\render\Camera.cpp">
      <Filter>Source Files\render</Filter>
    </ClCompile>
    <ClCompile Include="..\source\render\Mesh.cpp">
      <Filter>Source Files\render</Filter>
    </ClCompile>
    <ClCompile Include="..\source\render\MeshFactory.cpp">
      <Filter>Source Files\render</Filter>
    </ClCompile>
    <ClCompile Include="..\source\render\Renderer.cpp">
      <Filter>Source Files\render</Filter>
    </ClCompile>
    <ClCompile Include="..\source\render\RenderManager.cpp">
      <Filter>Source Files\render</Filter>
    </ClCompile>
    <ClCompile Include="..\source\render\Shader.cpp">
      <Filter>Source Files\render</Filter>
    </ClCompile>
    <ClCompile Include="..\source\scene\Node.cpp">
      <Filter>Source Files\scene</Filter>
    </ClCompile>
    <ClCompile Include="..\source\scene\Scene.cpp">
      <Filter>Source Files\scene</Filter>
    </ClCompile>
    <ClCompile Include="..\source\scene\SceneManager.cpp">
      <Filter>Source Files\scene</Filter>
    </ClCompile>
    <ClCompile Include="..\source\scene\Transform.cpp">
      <Filter>Source Files\scene</Filter>
    </ClCompile>
    <ClCompile Include="..\source\ui\ConsoleWindow.cpp">
      <Filter>Source Files\ui</Filter>
    </ClCompile>
    <ClCompile Include="..\source\ui\DebugWindow.cpp">
      <Filter>Source Files\ui</Filter>
    </ClCompile>
    <ClCompile Include="..\source\ui\UIManager.cpp">
      <Filter>Source Files\ui</Filter>
    </ClCompile>
    <ClCompile Include="..\source\tests\pointerTests.cpp">
      <Filter>Source Files\tests</Filter>
    </ClCompile>
    <ClCompile Include="..\source\main.cpp">
      <Filter>Source Files</Filter>
    </ClCompile>
    <ClCompile Include="..\source\render\VertexData.cpp">
      <Filter>Source Files\render</Filter>
    </ClCompile>
    <ClCompile Include="..\source\script\ScriptManager.cpp">
      <Filter>Source Files\script</Filter>
    </ClCompile>
    <ClCompile Include="..\source\script\Script.cpp">
      <Filter>Source Files\script</Filter>
    </ClCompile>
    <ClCompile Include="..\source\script\ScriptBehaviour.cpp">
      <Filter>Source Files\script</Filter>
    </ClCompile>
    <ClCompile Include="..\source\script\python\MathModule.cpp">
      <Filter>Source Files\script\python</Filter>
    </ClCompile>
    <ClCompile Include="..\source\script\python\MainModule.cpp">
      <Filter>Source Files\script\python</Filter>
    </ClCompile>
    <ClCompile Include="..\source\script\python\SceneModule.cpp">
      <Filter>Source Files\script\python</Filter>
    </ClCompile>
    <ClCompile Include="..\source\script\python\RenderModule.cpp">
      <Filter>Source Files\script\python</Filter>
    </ClCompile>
    <ClCompile Include="..\source\script\python\ManagerModule.cpp">
      <Filter>Source Files\script\python</Filter>
    </ClCompile>
    <ClCompile Include="..\source\script\python\ScriptModule.cpp">
      <Filter>Source Files\script\python</Filter>
    </ClCompile>
    <ClCompile Include="..\source\render\Colour.cpp">
      <Filter>Source Files\render</Filter>
    </ClCompile>
    <ClCompile Include="..\source\render\Material.cpp">
      <Filter>Source Files\render</Filter>
    </ClCompile>
    <ClCompile Include="..\source\render\RenderState.cpp">
      <Filter>Source Files\render</Filter>
    </ClCompile>
    <ClCompile Include="..\source\script\python\UtilitiesModule.cpp">
      <Filter>Source Files\script\python</Filter>
    </ClCompile>
    <ClCompile Include="..\source\events\EventListener.cpp">
      <Filter>Source Files\events</Filter>
    </ClCompile>
    <ClCompile Include="..\source\script\python\EventsModule.cpp">
      <Filter>Source Files\script\python</Filter>
    </ClCompile>
    <ClCompile Include="..\source\script\ScriptEngineCore.cpp">
      <Filter>Source Files\script</Filter>
    </ClCompile>
    <ClCompile Include="..\source\script\python\LoggingModule.cpp">
      <Filter>Source Files\script\python</Filter>
    </ClCompile>
  </ItemGroup>
  <ItemGroup>
    <ClInclude Include="..\source\EpsilonCore.h">
      <Filter>Source Files</Filter>
    </ClInclude>
    <ClInclude Include="..\source\ResourcePath.hpp">
      <Filter>Source Files</Filter>
    </ClInclude>
    <ClInclude Include="..\source\core\EpsilonManager.h">
      <Filter>Source Files\core</Filter>
    </ClInclude>
    <ClInclude Include="..\source\events\Event.h">
      <Filter>Source Files\events</Filter>
    </ClInclude>
    <ClInclude Include="..\source\events\EventData.h">
      <Filter>Source Files\events</Filter>
    </ClInclude>
    <ClInclude Include="..\source\events\EventListener.h">
      <Filter>Source Files\events</Filter>
    </ClInclude>
    <ClInclude Include="..\source\events\EventManager.h">
      <Filter>Source Files\events</Filter>
    </ClInclude>
    <ClInclude Include="..\source\logging\Logging.h">
      <Filter>Source Files\logging</Filter>
    </ClInclude>
    <ClInclude Include="..\source\math\Defines.h">
      <Filter>Source Files\math</Filter>
    </ClInclude>
    <ClInclude Include="..\source\math\Matrix.h">
      <Filter>Source Files\math</Filter>
    </ClInclude>
    <ClInclude Include="..\source\math\Quaternion.h">
      <Filter>Source Files\math</Filter>
    </ClInclude>
    <ClInclude Include="..\source\math\Rotation.h">
      <Filter>Source Files\math</Filter>
    </ClInclude>
    <ClInclude Include="..\source\math\Vector.h">
      <Filter>Source Files\math</Filter>
    </ClInclude>
    <ClInclude Include="..\source\render\Camera.h">
      <Filter>Source Files\render</Filter>
    </ClInclude>
    <ClInclude Include="..\source\render\Colour.h">
      <Filter>Source Files\render</Filter>
    </ClInclude>
    <ClInclude Include="..\source\render\Material.h">
      <Filter>Source Files\render</Filter>
    </ClInclude>
    <ClInclude Include="..\source\render\Mesh.h">
      <Filter>Source Files\render</Filter>
    </ClInclude>
    <ClInclude Include="..\source\render\MeshFactory.h">
      <Filter>Source Files\render</Filter>
    </ClInclude>
    <ClInclude Include="..\source\render\Renderer.h">
      <Filter>Source Files\render</Filter>
    </ClInclude>
    <ClInclude Include="..\source\render\RenderManager.h">
      <Filter>Source Files\render</Filter>
    </ClInclude>
    <ClInclude Include="..\source\render\RenderState.h">
      <Filter>Source Files\render</Filter>
    </ClInclude>
    <ClInclude Include="..\source\render\Shader.h">
      <Filter>Source Files\render</Filter>
    </ClInclude>
    <ClInclude Include="..\source\render\VertexAttrib.h">
      <Filter>Source Files\render</Filter>
    </ClInclude>
    <ClInclude Include="..\source\render\VertexBuffer.h">
      <Filter>Source Files\render</Filter>
    </ClInclude>
    <ClInclude Include="..\source\render\VertexData.h">
      <Filter>Source Files\render</Filter>
    </ClInclude>
    <ClInclude Include="..\source\scene\Node.h">
      <Filter>Source Files\scene</Filter>
    </ClInclude>
    <ClInclude Include="..\source\scene\NodeComponent.h">
      <Filter>Source Files\scene</Filter>
    </ClInclude>
    <ClInclude Include="..\source\scene\Object.h">
      <Filter>Source Files\scene</Filter>
    </ClInclude>
    <ClInclude Include="..\source\scene\Scene.h">
      <Filter>Source Files\scene</Filter>
    </ClInclude>
    <ClInclude Include="..\source\scene\SceneManager.h">
      <Filter>Source Files\scene</Filter>
    </ClInclude>
    <ClInclude Include="..\source\scene\Transform.h">
      <Filter>Source Files\scene</Filter>
    </ClInclude>
    <ClInclude Include="..\source\script\PythonLogListener.h">
      <Filter>Source Files\script</Filter>
    </ClInclude>
    <ClInclude Include="..\source\script\Script.h">
      <Filter>Source Files\script</Filter>
    </ClInclude>
    <ClInclude Include="..\source\script\ScriptBehaviour.h">
      <Filter>Source Files\script</Filter>
    </ClInclude>
    <ClInclude Include="..\source\script\ScriptCommon.h">
      <Filter>Source Files\script</Filter>
    </ClInclude>
    <ClInclude Include="..\source\script\ScriptEngineCore.h">
      <Filter>Source Files\script</Filter>
    </ClInclude>
    <ClInclude Include="..\source\script\ScriptManager.h">
      <Filter>Source Files\script</Filter>
    </ClInclude>
    <ClInclude Include="..\source\script\python\EventsModule.h">
      <Filter>Source Files\script\python</Filter>
    </ClInclude>
    <ClInclude Include="..\source\script\python\LoggingModule.h">
      <Filter>Source Files\script\python</Filter>
    </ClInclude>
    <ClInclude Include="..\source\script\python\MainModule.h">
      <Filter>Source Files\script\python</Filter>
    </ClInclude>
    <ClInclude Include="..\source\script\python\ManagerModule.h">
      <Filter>Source Files\script\python</Filter>
    </ClInclude>
    <ClInclude Include="..\source\script\python\MathModule.h">
      <Filter>Source Files\script\python</Filter>
    </ClInclude>
    <ClInclude Include="..\source\script\python\RenderModule.h">
      <Filter>Source Files\script\python</Filter>
    </ClInclude>
    <ClInclude Include="..\source\script\python\SceneModule.h">
      <Filter>Source Files\script\python</Filter>
    </ClInclude>
    <ClInclude Include="..\source\script\python\ScriptModule.h">
      <Filter>Source Files\script\python</Filter>
    </ClInclude>
    <ClInclude Include="..\source\script\python\UtilitiesModule.h">
      <Filter>Source Files\script\python</Filter>
    </ClInclude>
    <ClInclude Include="..\source\ui\ConsoleWindow.h">
      <Filter>Source Files\ui</Filter>
    </ClInclude>
    <ClInclude Include="..\source\ui\DebugWindow.h">
      <Filter>Source Files\ui</Filter>
    </ClInclude>
    <ClInclude Include="..\source\ui\UIManager.h">
      <Filter>Source Files\ui</Filter>
    </ClInclude>
    <ClInclude Include="..\source\ui\UIWindow.h">
      <Filter>Source Files\ui</Filter>
    </ClInclude>
    <ClInclude Include="..\source\render\RenderUtilities.h">
      <Filter>Source Files\render</Filter>
    </ClInclude>
    <ClInclude Include="..\source\utilities\Utilities.h">
      <Filter>Source Files\utilities</Filter>
    </ClInclude>
    <ClInclude Include="..\source\core\InputManager.h">
      <Filter>Source Files\core</Filter>
    </ClInclude>
  </ItemGroup>
</Project>